PODS:
  - _NIODataStructures (2.32.0)
  - Alamofire (5.4.3)
  - BigInt (5.2.0)
  - BitcoinCore-Universal.swift (0.17):
    - BigInt (~> 5.0)
    - GRDB.swift (~> 5.0)
    - HdWalletKit-Universal.swift (~> 1.5.2)
    - HsToolKit-Universal.swift (~> 1.3.1)
    - ObjectMapper (~> 4.0)
    - OpenSslKit-Universal.swift (~> 1.2.2)
    - RxSwift (~> 5.0)
    - Secp256k1Kit-Universal.swift (~> 1.1)
    - SwiftNIO (~> 2)
    - UIExtensions-Stripped.swift (~> 1.1.2)
  - BitcoinKit-Universal.swift (0.17):
    - BigInt (~> 5.0)
    - BitcoinCore-Universal.swift (~> 0.17)
    - GRDB.swift (~> 5.0)
    - HdWalletKit-Universal.swift (~> 1.5.2)
    - Hodler-Universal.swift (~> 0.17)
    - ObjectMapper (~> 4.0)
    - OpenSslKit-Universal.swift (~> 1.2.2)
    - RxSwift (~> 5.0)
    - Secp256k1Kit-Universal.swift (~> 1.1)
  - BlueSocket (1.0.52)
  - Bugsnag (6.14.1)
  - Charts (3.1.1):
    - Charts/Core (= 3.1.1)
  - Charts/Core (3.1.1)
  - CNIOAtomics (2.32.0)
  - CNIOBoringSSL (2.14.1)
  - CNIOBoringSSLShims (2.14.1):
    - CNIOBoringSSL (= 2.14.1)
  - CNIODarwin (2.32.0)
  - CNIOHTTPParser (2.32.0)
  - CNIOLinux (2.32.0)
  - CNIOSHA1 (2.32.0)
  - CNIOWindows (2.32.0)
  - CoinpaprikaAPI (2.2):
    - CoinpaprikaAPI/Client (= 2.2)
  - CoinpaprikaAPI/Client (2.2):
    - CoinpaprikaAPI/Networking
  - CoinpaprikaAPI/Networking (2.2)
  - CryptoSwift (1.4.1)
  - Erc20Kit-Universal (0.14.0):
    - BigInt (~> 5.0)
    - EthereumKit-Universal (~> 0.14.0)
    - GRDB.swift (~> 5.0)
    - OpenSslKit-Universal.swift (~> 1.2.2)
    - RxSwift (~> 5.0)
    - Secp256k1Kit-Universal.swift (~> 1.1)
    - UIExtensions-Stripped.swift (~> 1.1.2)
  - EthereumKit-Universal (0.14.0):
    - BigInt (~> 5.0)
    - BlueSocket (~> 1.0)
    - GRDB.swift (~> 5.0)
    - HdWalletKit-Universal.swift (~> 1.5.2)
    - HsToolKit-Universal.swift (~> 1.3.1)
    - OpenSslKit-Universal.swift (~> 1.2.2)
    - RxSwift (~> 5.0)
    - Secp256k1Kit-Universal.swift (~> 1.1)
    - UIExtensions-Stripped.swift (~> 1.1.2)
  - FeeRateKit-Universal.swift (0.8.0):
    - HsToolKit-Universal.swift (~> 1)
    - RxSwift (~> 5.0)
  - GRDB.swift (5.9.0):
    - GRDB.swift/standard (= 5.9.0)
  - GRDB.swift/standard (5.9.0)
  - HdWalletKit-Universal.swift (1.5.2):
    - OpenSslKit-Universal.swift (~> 1.2.2)
    - Secp256k1Kit-Universal.swift (~> 1.1)
  - Helpshift (7.11.1)
  - HelpshiftMacOS (2.4.1)
  - Hodler-Universal.swift (0.17):
    - BitcoinCore-Universal.swift (~> 0.17)
    - OpenSslKit-Universal.swift (~> 1.2.2)
    - Secp256k1Kit-Universal.swift (~> 1.1)
  - HsToolKit-Universal.swift (1.3.1):
    - Alamofire (~> 5.0)
    - ObjectMapper (~> 4.0)
    - RxSwift (~> 5.0)
    - SwiftNIOFoundationCompat
    - SwiftNIOSSL
    - SwiftNIOWebSocket
  - KeychainAccess (4.2.2)
  - Kingfisher (6.3.1)
  - Mixpanel-swift (2.10.3):
    - Mixpanel-swift/Complete (= 2.10.3)
  - Mixpanel-swift/Complete (2.10.3)
  - ObjectMapper (4.2.0)
  - OpenSslKit-Universal.swift (1.2.2)
  - RxSwift (5.1.3)
  - Secp256k1Kit-Universal.swift (1.1)
  - Socket.IO-Client-Swift (15.2.0):
    - Starscream (~> 3.1)
  - Sparkle (1.26.0)
  - Starscream (3.1.1)
  - SwiftNIO (2.32.0):
    - SwiftNIOCore (= 2.32.0)
    - SwiftNIOEmbedded (= 2.32.0)
    - SwiftNIOPosix (= 2.32.0)
  - SwiftNIOConcurrencyHelpers (2.32.0):
    - CNIOAtomics (= 2.32.0)
  - SwiftNIOCore (2.32.0):
    - CNIOLinux (= 2.32.0)
    - SwiftNIOConcurrencyHelpers (= 2.32.0)
  - SwiftNIOEmbedded (2.32.0):
    - _NIODataStructures (= 2.32.0)
    - SwiftNIOCore (= 2.32.0)
  - SwiftNIOFoundationCompat (2.32.0):
    - SwiftNIO (= 2.32.0)
    - SwiftNIOCore (= 2.32.0)
  - SwiftNIOHTTP1 (2.32.0):
    - CNIOHTTPParser (= 2.32.0)
    - SwiftNIO (= 2.32.0)
    - SwiftNIOConcurrencyHelpers (= 2.32.0)
    - SwiftNIOCore (= 2.32.0)
  - SwiftNIOPosix (2.32.0):
    - _NIODataStructures (= 2.32.0)
    - CNIODarwin (= 2.32.0)
    - CNIOLinux (= 2.32.0)
    - CNIOWindows (= 2.32.0)
    - SwiftNIOConcurrencyHelpers (= 2.32.0)
    - SwiftNIOCore (= 2.32.0)
  - SwiftNIOSSL (2.14.1):
    - CNIOBoringSSL (= 2.14.1)
    - CNIOBoringSSLShims (= 2.14.1)
    - SwiftNIO (< 3, >= 2.30.0)
    - SwiftNIOConcurrencyHelpers (< 3, >= 2.30.0)
    - SwiftNIOTLS (< 3, >= 2.30.0)
  - SwiftNIOTLS (2.32.0):
    - SwiftNIO (= 2.32.0)
    - SwiftNIOCore (= 2.32.0)
  - SwiftNIOWebSocket (2.32.0):
    - CNIOSHA1 (= 2.32.0)
    - SwiftNIO (= 2.32.0)
    - SwiftNIOCore (= 2.32.0)
    - SwiftNIOHTTP1 (= 2.32.0)
  - UIExtensions-Stripped.swift (1.1.2)

DEPENDENCIES:
  - BitcoinCore-Universal.swift
  - BitcoinKit-Universal.swift
  - Bugsnag
  - Charts (from `https://github.com/danielgindi/Charts.git`, commit `97587d04ed51f4e38e3057da51867d8805995a56`)
  - CoinpaprikaAPI
  - CryptoSwift (~> 1.4.1)
  - Erc20Kit-Universal
  - EthereumKit-Universal
  - FeeRateKit-Universal.swift
  - Helpshift
  - HelpshiftMacOS (= 2.4.1)
  - Hodler-Universal.swift
  - HsToolKit-Universal.swift
  - KeychainAccess
  - Kingfisher (~> 6.3.0)
  - Mixpanel-swift
  - Socket.IO-Client-Swift (~> 15.2.0)
  - Sparkle

SPEC REPOS:
  trunk:
    - _NIODataStructures
    - Alamofire
    - BigInt
    - BitcoinCore-Universal.swift
    - BitcoinKit-Universal.swift
    - BlueSocket
    - Bugsnag
    - CNIOAtomics
    - CNIOBoringSSL
    - CNIOBoringSSLShims
    - CNIODarwin
    - CNIOHTTPParser
    - CNIOLinux
    - CNIOSHA1
    - CNIOWindows
    - CoinpaprikaAPI
    - CryptoSwift
    - Erc20Kit-Universal
    - EthereumKit-Universal
    - FeeRateKit-Universal.swift
    - GRDB.swift
    - HdWalletKit-Universal.swift
    - Helpshift
    - HelpshiftMacOS
    - Hodler-Universal.swift
    - HsToolKit-Universal.swift
    - KeychainAccess
    - Kingfisher
    - Mixpanel-swift
    - ObjectMapper
    - OpenSslKit-Universal.swift
    - RxSwift
    - Secp256k1Kit-Universal.swift
    - Socket.IO-Client-Swift
    - Sparkle
    - Starscream
    - SwiftNIO
    - SwiftNIOConcurrencyHelpers
    - SwiftNIOCore
    - SwiftNIOEmbedded
    - SwiftNIOFoundationCompat
    - SwiftNIOHTTP1
    - SwiftNIOPosix
    - SwiftNIOSSL
    - SwiftNIOTLS
    - SwiftNIOWebSocket
    - UIExtensions-Stripped.swift

EXTERNAL SOURCES:
  Charts:
    :commit: 97587d04ed51f4e38e3057da51867d8805995a56
    :git: https://github.com/danielgindi/Charts.git

CHECKOUT OPTIONS:
  Charts:
    :commit: 97587d04ed51f4e38e3057da51867d8805995a56
    :git: https://github.com/danielgindi/Charts.git

SPEC CHECKSUMS:
  _NIODataStructures: e63beb6bfebffbd4399e514b7ecaf3f96cd8671c
  Alamofire: e447a2774a40c996748296fa2c55112fdbbc42f9
  BigInt: f668a80089607f521586bbe29513d708491ef2f7
  BitcoinCore-Universal.swift: 1581acf2e95e3f7f157f41e4fd69009b5aeb80f9
  BitcoinKit-Universal.swift: 1ea74477792456e44cfed372786feb4336ecd0d5
  BlueSocket: 1acd943acb07b55905291d608649fcfbf8cbd57d
  Bugsnag: 621906b83282e03b8c2e61584302a7b44177355d
  Charts: 930dc1cb13a164e9e16bc3578826f3a26f0872f8
  CNIOAtomics: 9a2bb6949fab36db580f9973e36813bf0744cace
  CNIOBoringSSL: fbf8a722a81aa837c9cfae06da6b532f5eff7097
  CNIOBoringSSLShims: ad7c2c665a5426b29526a11af1b084764fef80d4
  CNIODarwin: 6c3b7847a6a2691ae9f97eac75103fe06f61fe4c
  CNIOHTTPParser: 4d469972144001aace68635ae33009c6b97c377f
  CNIOLinux: d33b1366a209d566a0a81eaecac6283a40ecc840
  CNIOSHA1: f744147a765b3efbffb45fbb837126267da7c929
  CNIOWindows: 310f73e804e6333a63e921b61892dbbaf61bd0cc
  CoinpaprikaAPI: 30093dd2ece7d8ecea8c0d8671f704e7a6095f0b
  CryptoSwift: 0bc800a7e6a24c4fc9ebeab97d44b0d5f73a78bd
  Erc20Kit-Universal: b8bc79e51c53ee6e99e50d4a8c21c4ac0bf6affc
  EthereumKit-Universal: 570fb9f7c73a305248e1291b9a762f7c3976410f
  FeeRateKit-Universal.swift: 1f2672db3511be50c30ff96465659ca3bd48f9db
  GRDB.swift: ff730d72aac9ce0123138d77cc7e0331b3c8b148
  HdWalletKit-Universal.swift: f438d6c2cdbb92da69fc0e6f5bb0a38a09c6cef3
  Helpshift: 807d75f1beea963ec127c9acd25f721e9ae158a4
  HelpshiftMacOS: bb3ce4598794ee82f437a9bc49ee0973f20bb2f5
  Hodler-Universal.swift: bbcb154c188ef48c0c088c513e47f0b8f3f3742d
  HsToolKit-Universal.swift: 1c58aecf9846fcf48164d41e014afc313aaf156e
  KeychainAccess: c0c4f7f38f6fc7bbe58f5702e25f7bd2f65abf51
  Kingfisher: 016c8b653a35add51dd34a3aba36b580041acc74
  Mixpanel-swift: 3220daad7d82ff50cf9b8c3e31efed5bad426978
  ObjectMapper: 1eb41f610210777375fa806bf161dc39fb832b81
  OpenSslKit-Universal.swift: 9c17dc8bb84c19b707c81e9f0ef960e563b3ea5a
  RxSwift: 915abbdfb62214aa89ccd0b194d44fb478019b27
  Secp256k1Kit-Universal.swift: 31f631f8796ee06dfd7df9687a83a1123dec7045
  Socket.IO-Client-Swift: 1e3e3a1f09f3312a167f0d781eb2f383d477357c
  Sparkle: d56d028f4b0c123577825f5d1004f6140d77f90e
  Starscream: 4bb2f9942274833f7b4d296a55504dcfc7edb7b0
  SwiftNIO: 75035e9e47345716eb6f01effaa4e14b9564ae4a
  SwiftNIOConcurrencyHelpers: cdc0919908b59ae643e6924f57030dacdea0499d
  SwiftNIOCore: 33d188a3d66eb65010bba8c4e7ea3efeabf757f7
  SwiftNIOEmbedded: d9b5cc8e3fc22b057501047ba3c8561c88d21544
  SwiftNIOFoundationCompat: 77058ddb6d30bfcda27b82f55bf9f004131917bc
  SwiftNIOHTTP1: 6c68f7ae14f67941d67c2056c7d9d3b727993f12
  SwiftNIOPosix: 745b539a2067e5159d5de54e77860bae9e281e3a
  SwiftNIOSSL: ac352ffa568767772767057b85fd5cf7fffe7254
  SwiftNIOTLS: e26c48fdc92b753860349d75e1c49855f4125655
  SwiftNIOWebSocket: 9649cc901b956f0e992f69f7138866b349f7638a
  UIExtensions-Stripped.swift: 2ed2ea244fc7e3b16581a8c316f9363179ec1644

PODFILE CHECKSUM: dcb0d0277540d0464509f4103d120ef6fbe32e15

COCOAPODS: 1.10.1
