PODS:
  - Alamofire (5.4.3)
  - BigInt (5.2.0)
  - BitcoinCore.swift (0.17):
    - BigInt (~> 5.0)
    - GRDB.swift (~> 5.0)
    - HdWalletKit.swift (~> 1.5)
    - HsToolKit.swift (~> 1)
    - ObjectMapper (~> 4.0)
    - OpenSslKit.swift (~> 1.0)
    - RxSwift (~> 5.0)
    - Secp256k1Kit.swift (~> 1.0)
    - SwiftNIO (~> 2)
    - UIExtensions.swift (~> 1.1.1)
  - BitcoinKit.swift (0.17):
    - BigInt (~> 5.0)
    - BitcoinCore.swift (~> 0.17)
    - GRDB.swift (~> 5.0)
    - HdWalletKit.swift (~> 1.5)
    - Hodler.swift (~> 0.17)
    - ObjectMapper (~> 4.0)
    - OpenSslKit.swift (~> 1.0)
    - RxSwift (~> 5.0)
    - Secp256k1Kit.swift (~> 1.0)
  - BlueSocket (1.0.52)
  - Charts (3.1.1):
    - Charts/Core (= 3.1.1)
  - Charts/Core (3.1.1)
  - CNIOAtomics (2.30.0)
  - CNIOBoringSSL (2.14.0)
  - CNIOBoringSSLShims (2.14.0):
    - CNIOBoringSSL (= 2.14.0)
  - CNIODarwin (2.30.0)
  - CNIOHTTPParser (2.30.0)
  - CNIOLinux (2.30.0)
  - CNIOSHA1 (2.30.0)
  - CNIOWindows (2.30.0)
  - CoinpaprikaAPI (2.2):
    - CoinpaprikaAPI/Client (= 2.2)
  - CoinpaprikaAPI/Client (2.2):
    - CoinpaprikaAPI/Networking
  - CoinpaprikaAPI/Networking (2.2)
  - Erc20Kit.swift (0.14.0):
    - BigInt (~> 5.0)
    - EthereumKit.swift (~> 0.14)
    - GRDB.swift (~> 5.0)
    - OpenSslKit.swift (~> 1.0)
    - RxSwift (~> 5.0)
    - Secp256k1Kit.swift (~> 1.0)
    - UIExtensions.swift (~> 1.1.0)
  - EthereumKit.swift (0.14.0):
    - BigInt (~> 5.0)
    - BlueSocket (~> 1.0)
    - GRDB.swift (~> 5.0)
    - HdWalletKit.swift (~> 1.5)
    - HsToolKit.swift (~> 1.2)
    - OpenSslKit.swift (~> 1.0)
    - RxSwift (~> 5.0)
    - Secp256k1Kit.swift (~> 1.0)
    - UIExtensions.swift (~> 1.1)
  - FeeRateKit.swift (0.8.0):
    - HsToolKit.swift (~> 1)
    - RxSwift (~> 5.0)
  - GRDB.swift (5.8.0):
    - GRDB.swift/standard (= 5.8.0)
  - GRDB.swift/standard (5.8.0)
  - HdWalletKit.swift (1.5.1):
    - OpenSslKit.swift (~> 1.0)
    - Secp256k1Kit.swift (~> 1.0)
  - Hodler.swift (0.17):
    - BitcoinCore.swift (~> 0.17)
    - OpenSslKit.swift (~> 1.0)
    - Secp256k1Kit.swift (~> 1.0)
  - HsToolKit.swift (1.3.0):
    - Alamofire (~> 5.0)
    - ObjectMapper (~> 4.0)
    - RxSwift (~> 5.0)
    - SwiftNIOFoundationCompat
    - SwiftNIOSSL
    - SwiftNIOWebSocket
  - KeychainAccess (4.2.2)
  - ObjectMapper (4.2.0)
  - OpenSslKit.swift (1.2.2)
  - RxSwift (5.1.2)
  - Secp256k1Kit.swift (1.1)
  - SwiftNIO (2.30.0):
    - CNIODarwin (= 2.30.0)
    - CNIOLinux (= 2.30.0)
    - CNIOWindows (= 2.30.0)
    - SwiftNIOConcurrencyHelpers (= 2.30.0)
  - SwiftNIOConcurrencyHelpers (2.30.0):
    - CNIOAtomics (= 2.30.0)
  - SwiftNIOFoundationCompat (2.30.0):
    - SwiftNIO (= 2.30.0)
  - SwiftNIOHTTP1 (2.30.0):
    - CNIOHTTPParser (= 2.30.0)
    - SwiftNIO (= 2.30.0)
    - SwiftNIOConcurrencyHelpers (= 2.30.0)
  - SwiftNIOSSL (2.14.0):
    - CNIOBoringSSL (= 2.14.0)
    - CNIOBoringSSLShims (= 2.14.0)
    - SwiftNIO (< 3, >= 2.30.0)
    - SwiftNIOConcurrencyHelpers (< 3, >= 2.30.0)
    - SwiftNIOTLS (< 3, >= 2.30.0)
  - SwiftNIOTLS (2.30.0):
    - SwiftNIO (= 2.30.0)
  - SwiftNIOWebSocket (2.30.0):
    - CNIOSHA1 (= 2.30.0)
    - SwiftNIO (= 2.30.0)
    - SwiftNIOHTTP1 (= 2.30.0)
  - UIExtensions.swift (1.1.1)

DEPENDENCIES:
  - BitcoinCore.swift (from `https://github.com/horizontalsystems/bitcoin-kit-ios.git`)
  - BitcoinKit.swift (from `https://github.com/horizontalsystems/bitcoin-kit-ios.git`)
  - Charts (from `https://github.com/danielgindi/Charts.git`, commit `97587d04ed51f4e38e3057da51867d8805995a56`)
  - CoinpaprikaAPI
  - Erc20Kit.swift (from `https://github.com/horizontalsystems/ethereum-kit-ios`, commit `dd0ef7b16c65b7fd849e2d12d1ccf84fd6c6aa29`)
  - EthereumKit.swift (from `https://github.com/horizontalsystems/ethereum-kit-ios`, commit `dd0ef7b16c65b7fd849e2d12d1ccf84fd6c6aa29`)
  - FeeRateKit.swift (from `https://github.com/horizontalsystems/blockchain-fee-rate-kit-ios`)
  - Hodler.swift (from `https://github.com/horizontalsystems/bitcoin-kit-ios.git`)
  - HsToolKit.swift (from `https://github.com/horizontalsystems/hs-tool-kit-ios`)
  - KeychainAccess

SPEC REPOS:
  trunk:
    - Alamofire
    - BigInt
    - BlueSocket
    - CNIOAtomics
    - CNIOBoringSSL
    - CNIOBoringSSLShims
    - CNIODarwin
    - CNIOHTTPParser
    - CNIOLinux
    - CNIOSHA1
    - CNIOWindows
    - CoinpaprikaAPI
    - GRDB.swift
    - HdWalletKit.swift
    - KeychainAccess
    - ObjectMapper
    - OpenSslKit.swift
    - RxSwift
    - Secp256k1Kit.swift
    - SwiftNIO
    - SwiftNIOConcurrencyHelpers
    - SwiftNIOFoundationCompat
    - SwiftNIOHTTP1
    - SwiftNIOSSL
    - SwiftNIOTLS
    - SwiftNIOWebSocket
    - UIExtensions.swift

EXTERNAL SOURCES:
  BitcoinCore.swift:
    :git: https://github.com/horizontalsystems/bitcoin-kit-ios.git
  BitcoinKit.swift:
    :git: https://github.com/horizontalsystems/bitcoin-kit-ios.git
  Charts:
    :commit: 97587d04ed51f4e38e3057da51867d8805995a56
    :git: https://github.com/danielgindi/Charts.git
  Erc20Kit.swift:
    :commit: dd0ef7b16c65b7fd849e2d12d1ccf84fd6c6aa29
    :git: https://github.com/horizontalsystems/ethereum-kit-ios
  EthereumKit.swift:
    :commit: dd0ef7b16c65b7fd849e2d12d1ccf84fd6c6aa29
    :git: https://github.com/horizontalsystems/ethereum-kit-ios
  FeeRateKit.swift:
    :git: https://github.com/horizontalsystems/blockchain-fee-rate-kit-ios
  Hodler.swift:
    :git: https://github.com/horizontalsystems/bitcoin-kit-ios.git
  HsToolKit.swift:
    :git: https://github.com/horizontalsystems/hs-tool-kit-ios

CHECKOUT OPTIONS:
  BitcoinCore.swift:
    :commit: d897cb69ac05b5a2a72c250224e035c92c9a8fd5
    :git: https://github.com/horizontalsystems/bitcoin-kit-ios.git
  BitcoinKit.swift:
    :commit: d897cb69ac05b5a2a72c250224e035c92c9a8fd5
    :git: https://github.com/horizontalsystems/bitcoin-kit-ios.git
  Charts:
    :commit: 97587d04ed51f4e38e3057da51867d8805995a56
    :git: https://github.com/danielgindi/Charts.git
  Erc20Kit.swift:
    :commit: dd0ef7b16c65b7fd849e2d12d1ccf84fd6c6aa29
    :git: https://github.com/horizontalsystems/ethereum-kit-ios
  EthereumKit.swift:
    :commit: dd0ef7b16c65b7fd849e2d12d1ccf84fd6c6aa29
    :git: https://github.com/horizontalsystems/ethereum-kit-ios
  FeeRateKit.swift:
    :commit: 763394a92bdf091517376776bccecf9e7edbb49f
    :git: https://github.com/horizontalsystems/blockchain-fee-rate-kit-ios
  Hodler.swift:
    :commit: d897cb69ac05b5a2a72c250224e035c92c9a8fd5
    :git: https://github.com/horizontalsystems/bitcoin-kit-ios.git
  HsToolKit.swift:
    :commit: ff75e00d0812e30a64d5eb74c73262273e96dc5f
    :git: https://github.com/horizontalsystems/hs-tool-kit-ios

SPEC CHECKSUMS:
  Alamofire: e447a2774a40c996748296fa2c55112fdbbc42f9
  BigInt: f668a80089607f521586bbe29513d708491ef2f7
  BitcoinCore.swift: bbbc18903f2a265e2f4c34cd89d80040bdcbd9b9
  BitcoinKit.swift: 1a16b53a0949bc85f360b307415b0f3bc2da6408
  BlueSocket: 1acd943acb07b55905291d608649fcfbf8cbd57d
  Charts: 930dc1cb13a164e9e16bc3578826f3a26f0872f8
  CNIOAtomics: ab79c239d46f3a330eef44aa3f2f86a25dbba3c2
  CNIOBoringSSL: f3b67841fc3aefe1154f1b4232f4ac7a922d16dc
  CNIOBoringSSLShims: 95b5c4ddd4a443fb61393c3dd60671901a18b40c
  CNIODarwin: b0645cd841ad8ac7b909095dcf82ca177a20105a
  CNIOHTTPParser: 4b760a40a95a9cdf0745d42cbc43f460645cac24
  CNIOLinux: e4def3bc8b0c9e7fbf4c3c85f3797be00177399e
  CNIOSHA1: 1d0feb2143a6ae2cd903662de9206be80f3a52a1
  CNIOWindows: 8f14a2ec959cd0fd6ee102384ca4d09b1cff9b4e
  CoinpaprikaAPI: 30093dd2ece7d8ecea8c0d8671f704e7a6095f0b
  Erc20Kit.swift: 86619dc773ca4ac834999013f1aafe336247e0df
  EthereumKit.swift: 3c791f8a7883751a663e23a3c37c060d5c817d3c
  FeeRateKit.swift: 12713618d623d057382b964d2d16d220b1db8df5
  GRDB.swift: 9b9beec114435e1d852ad68c136cff4c71134627
  HdWalletKit.swift: 30b1ab08c736422eeefe346369ced89574e2ec00
  Hodler.swift: e59834cd20385e5067cd55a813667ca8fd0778b9
  HsToolKit.swift: 88f5c25dcf2b6fde2370f0125a8864782fbb3d90
  KeychainAccess: c0c4f7f38f6fc7bbe58f5702e25f7bd2f65abf51
  ObjectMapper: 1eb41f610210777375fa806bf161dc39fb832b81
  OpenSslKit.swift: 0e2194853fd9ce42006cf18c89743331406a10a9
  RxSwift: 1e2e1f9570186967f617e49128ed26ccf1bafc8e
  Secp256k1Kit.swift: 322a66c4b3e95e96a397d73d45ad4d79af991bab
  SwiftNIO: f8ba4a53a934bf5ef6cd84ba9133903c9c760874
  SwiftNIOConcurrencyHelpers: 8b2657b5574ff83b8d82377d410e9272e0e16c79
  SwiftNIOFoundationCompat: a04ab889162baea339109971a39ac1b485efaaa1
  SwiftNIOHTTP1: 05e35ba2884ceba1e6aac432e9d8836a44b21679
  SwiftNIOSSL: 44ca606052bda37aa92cd70b3790f2fa9cb60ecd
  SwiftNIOTLS: e0d5eafb783309ec96d05877846e7fca080d8371
  SwiftNIOWebSocket: 1833814bfe400c80f5a2205253a4baef84e71179
  UIExtensions.swift: 3ed084c0343ddd0f86c7c558d37759e1fd7d5778

PODFILE CHECKSUM: f88228279f23c593eaa93fc76267c7c426ebc413

COCOAPODS: 1.10.1
