// !$*UTF8*$!
{
	archiveVersion = 1;
	classes = {
	};
	objectVersion = 50;
	objects = {

/* Begin PBXBuildFile section */
		750AE8CD261476BC00C45971 /* LandscapePreviewHelper.swift in Sources */ = {isa = PBXBuildFile; fileRef = 750AE8CC261476BC00C45971 /* LandscapePreviewHelper.swift */; };
		750AE8CE261476BC00C45971 /* LandscapePreviewHelper.swift in Sources */ = {isa = PBXBuildFile; fileRef = 750AE8CC261476BC00C45971 /* LandscapePreviewHelper.swift */; };
		750AE8E32614992400C45971 /* PricesDataUpdater.swift in Sources */ = {isa = PBXBuildFile; fileRef = 750AE8DD2614992400C45971 /* PricesDataUpdater.swift */; };
		750AE8E42614992400C45971 /* PricesDataUpdater.swift in Sources */ = {isa = PBXBuildFile; fileRef = 750AE8DD2614992400C45971 /* PricesDataUpdater.swift */; };
		750AE8E52614992400C45971 /* PricesDataUpdater.swift in Sources */ = {isa = PBXBuildFile; fileRef = 750AE8DD2614992400C45971 /* PricesDataUpdater.swift */; };
		750AE8E62614992400C45971 /* PricesDataUpdater.swift in Sources */ = {isa = PBXBuildFile; fileRef = 750AE8DD2614992400C45971 /* PricesDataUpdater.swift */; };
		750AE8E72614992400C45971 /* MarketDataUpdater.swift in Sources */ = {isa = PBXBuildFile; fileRef = 750AE8DE2614992400C45971 /* MarketDataUpdater.swift */; };
		750AE8E82614992400C45971 /* MarketDataUpdater.swift in Sources */ = {isa = PBXBuildFile; fileRef = 750AE8DE2614992400C45971 /* MarketDataUpdater.swift */; };
		750AE8E92614992400C45971 /* MarketDataUpdater.swift in Sources */ = {isa = PBXBuildFile; fileRef = 750AE8DE2614992400C45971 /* MarketDataUpdater.swift */; };
		750AE8EA2614992400C45971 /* MarketDataUpdater.swift in Sources */ = {isa = PBXBuildFile; fileRef = 750AE8DE2614992400C45971 /* MarketDataUpdater.swift */; };
		750AE8EB2614992400C45971 /* RatesDataUpdater.swift in Sources */ = {isa = PBXBuildFile; fileRef = 750AE8DF2614992400C45971 /* RatesDataUpdater.swift */; };
		750AE8EC2614992400C45971 /* RatesDataUpdater.swift in Sources */ = {isa = PBXBuildFile; fileRef = 750AE8DF2614992400C45971 /* RatesDataUpdater.swift */; };
		750AE8ED2614992400C45971 /* RatesDataUpdater.swift in Sources */ = {isa = PBXBuildFile; fileRef = 750AE8DF2614992400C45971 /* RatesDataUpdater.swift */; };
		750AE8EE2614992400C45971 /* RatesDataUpdater.swift in Sources */ = {isa = PBXBuildFile; fileRef = 750AE8DF2614992400C45971 /* RatesDataUpdater.swift */; };
		750AE8EF2614992400C45971 /* WalletsService.swift in Sources */ = {isa = PBXBuildFile; fileRef = 750AE8E02614992400C45971 /* WalletsService.swift */; };
		750AE8F02614992400C45971 /* WalletsService.swift in Sources */ = {isa = PBXBuildFile; fileRef = 750AE8E02614992400C45971 /* WalletsService.swift */; };
		750AE8F12614992400C45971 /* WalletsService.swift in Sources */ = {isa = PBXBuildFile; fileRef = 750AE8E02614992400C45971 /* WalletsService.swift */; };
		750AE8F22614992400C45971 /* WalletsService.swift in Sources */ = {isa = PBXBuildFile; fileRef = 750AE8E02614992400C45971 /* WalletsService.swift */; };
		750AE8F32614992400C45971 /* KeychainStorage.swift in Sources */ = {isa = PBXBuildFile; fileRef = 750AE8E12614992400C45971 /* KeychainStorage.swift */; };
		750AE8F42614992400C45971 /* KeychainStorage.swift in Sources */ = {isa = PBXBuildFile; fileRef = 750AE8E12614992400C45971 /* KeychainStorage.swift */; };
		750AE8F52614992400C45971 /* KeychainStorage.swift in Sources */ = {isa = PBXBuildFile; fileRef = 750AE8E12614992400C45971 /* KeychainStorage.swift */; };
		750AE8F62614992400C45971 /* KeychainStorage.swift in Sources */ = {isa = PBXBuildFile; fileRef = 750AE8E12614992400C45971 /* KeychainStorage.swift */; };
		750AE8F72614992400C45971 /* MarketDataRepository.swift in Sources */ = {isa = PBXBuildFile; fileRef = 750AE8E22614992400C45971 /* MarketDataRepository.swift */; };
		750AE8F82614992400C45971 /* MarketDataRepository.swift in Sources */ = {isa = PBXBuildFile; fileRef = 750AE8E22614992400C45971 /* MarketDataRepository.swift */; };
		750AE8F92614992400C45971 /* MarketDataRepository.swift in Sources */ = {isa = PBXBuildFile; fileRef = 750AE8E22614992400C45971 /* MarketDataRepository.swift */; };
		750AE8FA2614992400C45971 /* MarketDataRepository.swift in Sources */ = {isa = PBXBuildFile; fileRef = 750AE8E22614992400C45971 /* MarketDataRepository.swift */; };
		750AE90926149A8C00C45971 /* Coin.swift in Sources */ = {isa = PBXBuildFile; fileRef = 750AE90326149A8B00C45971 /* Coin.swift */; };
		750AE90A26149A8C00C45971 /* Coin.swift in Sources */ = {isa = PBXBuildFile; fileRef = 750AE90326149A8B00C45971 /* Coin.swift */; };
		750AE90B26149A8C00C45971 /* Coin.swift in Sources */ = {isa = PBXBuildFile; fileRef = 750AE90326149A8B00C45971 /* Coin.swift */; };
		750AE90C26149A8C00C45971 /* Coin.swift in Sources */ = {isa = PBXBuildFile; fileRef = 750AE90326149A8B00C45971 /* Coin.swift */; };
		750AE90D26149A8C00C45971 /* CoinMarketData.swift in Sources */ = {isa = PBXBuildFile; fileRef = 750AE90426149A8B00C45971 /* CoinMarketData.swift */; };
		750AE90E26149A8C00C45971 /* CoinMarketData.swift in Sources */ = {isa = PBXBuildFile; fileRef = 750AE90426149A8B00C45971 /* CoinMarketData.swift */; };
		750AE90F26149A8C00C45971 /* CoinMarketData.swift in Sources */ = {isa = PBXBuildFile; fileRef = 750AE90426149A8B00C45971 /* CoinMarketData.swift */; };
		750AE91026149A8C00C45971 /* CoinMarketData.swift in Sources */ = {isa = PBXBuildFile; fileRef = 750AE90426149A8B00C45971 /* CoinMarketData.swift */; };
		750AE91126149A8C00C45971 /* MarketSnapshot.swift in Sources */ = {isa = PBXBuildFile; fileRef = 750AE90526149A8B00C45971 /* MarketSnapshot.swift */; };
		750AE91226149A8C00C45971 /* MarketSnapshot.swift in Sources */ = {isa = PBXBuildFile; fileRef = 750AE90526149A8B00C45971 /* MarketSnapshot.swift */; };
		750AE91326149A8C00C45971 /* MarketSnapshot.swift in Sources */ = {isa = PBXBuildFile; fileRef = 750AE90526149A8B00C45971 /* MarketSnapshot.swift */; };
		750AE91426149A8C00C45971 /* MarketSnapshot.swift in Sources */ = {isa = PBXBuildFile; fileRef = 750AE90526149A8B00C45971 /* MarketSnapshot.swift */; };
		750AE91526149A8C00C45971 /* MarketPrice.swift in Sources */ = {isa = PBXBuildFile; fileRef = 750AE90626149A8B00C45971 /* MarketPrice.swift */; };
		750AE91626149A8C00C45971 /* MarketPrice.swift in Sources */ = {isa = PBXBuildFile; fileRef = 750AE90626149A8B00C45971 /* MarketPrice.swift */; };
		750AE91726149A8C00C45971 /* MarketPrice.swift in Sources */ = {isa = PBXBuildFile; fileRef = 750AE90626149A8B00C45971 /* MarketPrice.swift */; };
		750AE91826149A8C00C45971 /* MarketPrice.swift in Sources */ = {isa = PBXBuildFile; fileRef = 750AE90626149A8B00C45971 /* MarketPrice.swift */; };
		750AE91926149A8C00C45971 /* CoinAdapter.swift in Sources */ = {isa = PBXBuildFile; fileRef = 750AE90726149A8B00C45971 /* CoinAdapter.swift */; };
		750AE91A26149A8C00C45971 /* CoinAdapter.swift in Sources */ = {isa = PBXBuildFile; fileRef = 750AE90726149A8B00C45971 /* CoinAdapter.swift */; };
		750AE91B26149A8C00C45971 /* CoinAdapter.swift in Sources */ = {isa = PBXBuildFile; fileRef = 750AE90726149A8B00C45971 /* CoinAdapter.swift */; };
		750AE91C26149A8C00C45971 /* CoinAdapter.swift in Sources */ = {isa = PBXBuildFile; fileRef = 750AE90726149A8B00C45971 /* CoinAdapter.swift */; };
		750AE91D26149A8C00C45971 /* Asset.swift in Sources */ = {isa = PBXBuildFile; fileRef = 750AE90826149A8C00C45971 /* Asset.swift */; };
		750AE91E26149A8C00C45971 /* Asset.swift in Sources */ = {isa = PBXBuildFile; fileRef = 750AE90826149A8C00C45971 /* Asset.swift */; };
		750AE91F26149A8C00C45971 /* Asset.swift in Sources */ = {isa = PBXBuildFile; fileRef = 750AE90826149A8C00C45971 /* Asset.swift */; };
		750AE92026149A8C00C45971 /* Asset.swift in Sources */ = {isa = PBXBuildFile; fileRef = 750AE90826149A8C00C45971 /* Asset.swift */; };
		750AE9A926149DD900C45971 /* IMarketDataMockable.swift in Sources */ = {isa = PBXBuildFile; fileRef = 750AE99B26149DD900C45971 /* IMarketDataMockable.swift */; };
		750AE9AA26149DD900C45971 /* IMarketDataMockable.swift in Sources */ = {isa = PBXBuildFile; fileRef = 750AE99B26149DD900C45971 /* IMarketDataMockable.swift */; };
		750AE9AB26149DD900C45971 /* IMarketDataMockable.swift in Sources */ = {isa = PBXBuildFile; fileRef = 750AE99B26149DD900C45971 /* IMarketDataMockable.swift */; };
		750AE9AC26149DD900C45971 /* IMarketDataMockable.swift in Sources */ = {isa = PBXBuildFile; fileRef = 750AE99B26149DD900C45971 /* IMarketDataMockable.swift */; };
		750AE9AD26149DD900C45971 /* IWalletsService.swift in Sources */ = {isa = PBXBuildFile; fileRef = 750AE99C26149DD900C45971 /* IWalletsService.swift */; };
		750AE9AE26149DD900C45971 /* IWalletsService.swift in Sources */ = {isa = PBXBuildFile; fileRef = 750AE99C26149DD900C45971 /* IWalletsService.swift */; };
		750AE9AF26149DD900C45971 /* IWalletsService.swift in Sources */ = {isa = PBXBuildFile; fileRef = 750AE99C26149DD900C45971 /* IWalletsService.swift */; };
		750AE9B026149DD900C45971 /* IWalletsService.swift in Sources */ = {isa = PBXBuildFile; fileRef = 750AE99C26149DD900C45971 /* IWalletsService.swift */; };
		750AE9B126149DD900C45971 /* ICoinKit.swift in Sources */ = {isa = PBXBuildFile; fileRef = 750AE99D26149DD900C45971 /* ICoinKit.swift */; };
		750AE9B226149DD900C45971 /* ICoinKit.swift in Sources */ = {isa = PBXBuildFile; fileRef = 750AE99D26149DD900C45971 /* ICoinKit.swift */; };
		750AE9B326149DD900C45971 /* ICoinKit.swift in Sources */ = {isa = PBXBuildFile; fileRef = 750AE99D26149DD900C45971 /* ICoinKit.swift */; };
		750AE9B426149DD900C45971 /* ICoinKit.swift in Sources */ = {isa = PBXBuildFile; fileRef = 750AE99D26149DD900C45971 /* ICoinKit.swift */; };
		750AE9B526149DD900C45971 /* IHistoricalData.swift in Sources */ = {isa = PBXBuildFile; fileRef = 750AE99E26149DD900C45971 /* IHistoricalData.swift */; };
		750AE9B626149DD900C45971 /* IHistoricalData.swift in Sources */ = {isa = PBXBuildFile; fileRef = 750AE99E26149DD900C45971 /* IHistoricalData.swift */; };
		750AE9B726149DD900C45971 /* IHistoricalData.swift in Sources */ = {isa = PBXBuildFile; fileRef = 750AE99E26149DD900C45971 /* IHistoricalData.swift */; };
		750AE9B826149DD900C45971 /* IHistoricalData.swift in Sources */ = {isa = PBXBuildFile; fileRef = 750AE99E26149DD900C45971 /* IHistoricalData.swift */; };
		750AE9B926149DD900C45971 /* IKeyChainStorage.swift in Sources */ = {isa = PBXBuildFile; fileRef = 750AE99F26149DD900C45971 /* IKeyChainStorage.swift */; };
		750AE9BA26149DD900C45971 /* IKeyChainStorage.swift in Sources */ = {isa = PBXBuildFile; fileRef = 750AE99F26149DD900C45971 /* IKeyChainStorage.swift */; };
		750AE9BB26149DD900C45971 /* IKeyChainStorage.swift in Sources */ = {isa = PBXBuildFile; fileRef = 750AE99F26149DD900C45971 /* IKeyChainStorage.swift */; };
		750AE9BC26149DD900C45971 /* IKeyChainStorage.swift in Sources */ = {isa = PBXBuildFile; fileRef = 750AE99F26149DD900C45971 /* IKeyChainStorage.swift */; };
		750AE9BD26149DD900C45971 /* IMarketCHangeProvider.swift in Sources */ = {isa = PBXBuildFile; fileRef = 750AE9A026149DD900C45971 /* IMarketCHangeProvider.swift */; };
		750AE9BE26149DD900C45971 /* IMarketCHangeProvider.swift in Sources */ = {isa = PBXBuildFile; fileRef = 750AE9A026149DD900C45971 /* IMarketCHangeProvider.swift */; };
		750AE9BF26149DD900C45971 /* IMarketCHangeProvider.swift in Sources */ = {isa = PBXBuildFile; fileRef = 750AE9A026149DD900C45971 /* IMarketCHangeProvider.swift */; };
		750AE9C026149DD900C45971 /* IMarketCHangeProvider.swift in Sources */ = {isa = PBXBuildFile; fileRef = 750AE9A026149DD900C45971 /* IMarketCHangeProvider.swift */; };
		750AE9C126149DD900C45971 /* IPricesData.swift in Sources */ = {isa = PBXBuildFile; fileRef = 750AE9A126149DD900C45971 /* IPricesData.swift */; };
		750AE9C226149DD900C45971 /* IPricesData.swift in Sources */ = {isa = PBXBuildFile; fileRef = 750AE9A126149DD900C45971 /* IPricesData.swift */; };
		750AE9C326149DD900C45971 /* IPricesData.swift in Sources */ = {isa = PBXBuildFile; fileRef = 750AE9A126149DD900C45971 /* IPricesData.swift */; };
		750AE9C426149DD900C45971 /* IPricesData.swift in Sources */ = {isa = PBXBuildFile; fileRef = 750AE9A126149DD900C45971 /* IPricesData.swift */; };
		750AE9C526149DD900C45971 /* IBalanceProvider.swift in Sources */ = {isa = PBXBuildFile; fileRef = 750AE9A226149DD900C45971 /* IBalanceProvider.swift */; };
		750AE9C626149DD900C45971 /* IBalanceProvider.swift in Sources */ = {isa = PBXBuildFile; fileRef = 750AE9A226149DD900C45971 /* IBalanceProvider.swift */; };
		750AE9C726149DD900C45971 /* IBalanceProvider.swift in Sources */ = {isa = PBXBuildFile; fileRef = 750AE9A226149DD900C45971 /* IBalanceProvider.swift */; };
		750AE9C826149DD900C45971 /* IBalanceProvider.swift in Sources */ = {isa = PBXBuildFile; fileRef = 750AE9A226149DD900C45971 /* IBalanceProvider.swift */; };
		750AE9C926149DD900C45971 /* IAsset.swift in Sources */ = {isa = PBXBuildFile; fileRef = 750AE9A326149DD900C45971 /* IAsset.swift */; };
		750AE9CA26149DD900C45971 /* IAsset.swift in Sources */ = {isa = PBXBuildFile; fileRef = 750AE9A326149DD900C45971 /* IAsset.swift */; };
		750AE9CB26149DD900C45971 /* IAsset.swift in Sources */ = {isa = PBXBuildFile; fileRef = 750AE9A326149DD900C45971 /* IAsset.swift */; };
		750AE9CC26149DD900C45971 /* IAsset.swift in Sources */ = {isa = PBXBuildFile; fileRef = 750AE9A326149DD900C45971 /* IAsset.swift */; };
		750AE9CD26149DD900C45971 /* IWallet.swift in Sources */ = {isa = PBXBuildFile; fileRef = 750AE9A426149DD900C45971 /* IWallet.swift */; };
		750AE9CE26149DD900C45971 /* IWallet.swift in Sources */ = {isa = PBXBuildFile; fileRef = 750AE9A426149DD900C45971 /* IWallet.swift */; };
		750AE9CF26149DD900C45971 /* IWallet.swift in Sources */ = {isa = PBXBuildFile; fileRef = 750AE9A426149DD900C45971 /* IWallet.swift */; };
		750AE9D026149DD900C45971 /* IWallet.swift in Sources */ = {isa = PBXBuildFile; fileRef = 750AE9A426149DD900C45971 /* IWallet.swift */; };
		750AE9D126149DD900C45971 /* IMarketData.swift in Sources */ = {isa = PBXBuildFile; fileRef = 750AE9A526149DD900C45971 /* IMarketData.swift */; };
		750AE9D226149DD900C45971 /* IMarketData.swift in Sources */ = {isa = PBXBuildFile; fileRef = 750AE9A526149DD900C45971 /* IMarketData.swift */; };
		750AE9D326149DD900C45971 /* IMarketData.swift in Sources */ = {isa = PBXBuildFile; fileRef = 750AE9A526149DD900C45971 /* IMarketData.swift */; };
		750AE9D426149DD900C45971 /* IMarketData.swift in Sources */ = {isa = PBXBuildFile; fileRef = 750AE9A526149DD900C45971 /* IMarketData.swift */; };
		750AE9D526149DD900C45971 /* IPieChartModel.swift in Sources */ = {isa = PBXBuildFile; fileRef = 750AE9A626149DD900C45971 /* IPieChartModel.swift */; };
		750AE9D626149DD900C45971 /* IPieChartModel.swift in Sources */ = {isa = PBXBuildFile; fileRef = 750AE9A626149DD900C45971 /* IPieChartModel.swift */; };
		750AE9D726149DD900C45971 /* IPieChartModel.swift in Sources */ = {isa = PBXBuildFile; fileRef = 750AE9A626149DD900C45971 /* IPieChartModel.swift */; };
		750AE9D826149DD900C45971 /* IPieChartModel.swift in Sources */ = {isa = PBXBuildFile; fileRef = 750AE9A626149DD900C45971 /* IPieChartModel.swift */; };
		750AE9D926149DD900C45971 /* IQRCodeProvider.swift in Sources */ = {isa = PBXBuildFile; fileRef = 750AE9A726149DD900C45971 /* IQRCodeProvider.swift */; };
		750AE9DA26149DD900C45971 /* IQRCodeProvider.swift in Sources */ = {isa = PBXBuildFile; fileRef = 750AE9A726149DD900C45971 /* IQRCodeProvider.swift */; };
		750AE9DB26149DD900C45971 /* IQRCodeProvider.swift in Sources */ = {isa = PBXBuildFile; fileRef = 750AE9A726149DD900C45971 /* IQRCodeProvider.swift */; };
		750AE9DC26149DD900C45971 /* IQRCodeProvider.swift in Sources */ = {isa = PBXBuildFile; fileRef = 750AE9A726149DD900C45971 /* IQRCodeProvider.swift */; };
		750AE9DD26149DD900C45971 /* IChartDataProvider.swift in Sources */ = {isa = PBXBuildFile; fileRef = 750AE9A826149DD900C45971 /* IChartDataProvider.swift */; };
		750AE9DE26149DD900C45971 /* IChartDataProvider.swift in Sources */ = {isa = PBXBuildFile; fileRef = 750AE9A826149DD900C45971 /* IChartDataProvider.swift */; };
		750AE9DF26149DD900C45971 /* IChartDataProvider.swift in Sources */ = {isa = PBXBuildFile; fileRef = 750AE9A826149DD900C45971 /* IChartDataProvider.swift */; };
		750AE9E026149DD900C45971 /* IChartDataProvider.swift in Sources */ = {isa = PBXBuildFile; fileRef = 750AE9A826149DD900C45971 /* IChartDataProvider.swift */; };
		755782E326087904000E1686 /* Tests_iOS.swift in Sources */ = {isa = PBXBuildFile; fileRef = 755782E226087904000E1686 /* Tests_iOS.swift */; };
		755782EE26087905000E1686 /* Tests_macOS.swift in Sources */ = {isa = PBXBuildFile; fileRef = 755782ED26087905000E1686 /* Tests_macOS.swift */; };
		755782F026087905000E1686 /* Portal.xcdatamodeld in Sources */ = {isa = PBXBuildFile; fileRef = 755782C426087903000E1686 /* Portal.xcdatamodeld */; };
		755782F126087905000E1686 /* Portal.xcdatamodeld in Sources */ = {isa = PBXBuildFile; fileRef = 755782C426087903000E1686 /* Portal.xcdatamodeld */; };
		755782F226087905000E1686 /* PortalApp.swift in Sources */ = {isa = PBXBuildFile; fileRef = 755782C626087903000E1686 /* PortalApp.swift */; };
		755782F326087905000E1686 /* PortalApp.swift in Sources */ = {isa = PBXBuildFile; fileRef = 755782C626087903000E1686 /* PortalApp.swift */; };
		755782F426087905000E1686 /* RootView.swift in Sources */ = {isa = PBXBuildFile; fileRef = 755782C726087903000E1686 /* RootView.swift */; };
		755782F526087905000E1686 /* RootView.swift in Sources */ = {isa = PBXBuildFile; fileRef = 755782C726087903000E1686 /* RootView.swift */; };
		755782F626087905000E1686 /* Persistence.swift in Sources */ = {isa = PBXBuildFile; fileRef = 755782C826087903000E1686 /* Persistence.swift */; };
		755782F726087905000E1686 /* Persistence.swift in Sources */ = {isa = PBXBuildFile; fileRef = 755782C826087903000E1686 /* Persistence.swift */; };
		755782F826087905000E1686 /* Assets.xcassets in Resources */ = {isa = PBXBuildFile; fileRef = 755782C926087904000E1686 /* Assets.xcassets */; };
		755782F926087905000E1686 /* Assets.xcassets in Resources */ = {isa = PBXBuildFile; fileRef = 755782C926087904000E1686 /* Assets.xcassets */; };
		7557859F260F720D000E1686 /* DBWallet+CoreDataProperties.swift in Sources */ = {isa = PBXBuildFile; fileRef = 7557859D260F720D000E1686 /* DBWallet+CoreDataProperties.swift */; };
		755785A0260F720D000E1686 /* DBWallet+CoreDataProperties.swift in Sources */ = {isa = PBXBuildFile; fileRef = 7557859D260F720D000E1686 /* DBWallet+CoreDataProperties.swift */; };
		755785A1260F720D000E1686 /* DBWallet+CoreDataClass.swift in Sources */ = {isa = PBXBuildFile; fileRef = 7557859E260F720D000E1686 /* DBWallet+CoreDataClass.swift */; };
		755785A2260F720D000E1686 /* DBWallet+CoreDataClass.swift in Sources */ = {isa = PBXBuildFile; fileRef = 7557859E260F720D000E1686 /* DBWallet+CoreDataClass.swift */; };
		755785A9260F7331000E1686 /* NewWalletModel.swift in Sources */ = {isa = PBXBuildFile; fileRef = 755785A8260F7331000E1686 /* NewWalletModel.swift */; };
		755785AA260F7331000E1686 /* NewWalletModel.swift in Sources */ = {isa = PBXBuildFile; fileRef = 755785A8260F7331000E1686 /* NewWalletModel.swift */; };
		755785B0260F7363000E1686 /* Enums.swift in Sources */ = {isa = PBXBuildFile; fileRef = 755785AF260F7363000E1686 /* Enums.swift */; };
		755785B1260F7363000E1686 /* Enums.swift in Sources */ = {isa = PBXBuildFile; fileRef = 755785AF260F7363000E1686 /* Enums.swift */; };
		755785B7260F73A2000E1686 /* FiatCurrency.swift in Sources */ = {isa = PBXBuildFile; fileRef = 755785B6260F73A2000E1686 /* FiatCurrency.swift */; };
		755785B8260F73A2000E1686 /* FiatCurrency.swift in Sources */ = {isa = PBXBuildFile; fileRef = 755785B6260F73A2000E1686 /* FiatCurrency.swift */; };
/* End PBXBuildFile section */

/* Begin PBXContainerItemProxy section */
		755782DF26087904000E1686 /* PBXContainerItemProxy */ = {
			isa = PBXContainerItemProxy;
			containerPortal = 755782BF26087903000E1686 /* Project object */;
			proxyType = 1;
			remoteGlobalIDString = 755782CD26087904000E1686;
			remoteInfo = "Portal (iOS)";
		};
		755782EA26087905000E1686 /* PBXContainerItemProxy */ = {
			isa = PBXContainerItemProxy;
			containerPortal = 755782BF26087903000E1686 /* Project object */;
			proxyType = 1;
			remoteGlobalIDString = 755782D526087904000E1686;
			remoteInfo = "Portal (macOS)";
		};
/* End PBXContainerItemProxy section */

/* Begin PBXFileReference section */
		750AE8CC261476BC00C45971 /* LandscapePreviewHelper.swift */ = {isa = PBXFileReference; lastKnownFileType = sourcecode.swift; path = LandscapePreviewHelper.swift; sourceTree = "<group>"; };
		750AE8DD2614992400C45971 /* PricesDataUpdater.swift */ = {isa = PBXFileReference; fileEncoding = 4; lastKnownFileType = sourcecode.swift; path = PricesDataUpdater.swift; sourceTree = "<group>"; };
		750AE8DE2614992400C45971 /* MarketDataUpdater.swift */ = {isa = PBXFileReference; fileEncoding = 4; lastKnownFileType = sourcecode.swift; path = MarketDataUpdater.swift; sourceTree = "<group>"; };
		750AE8DF2614992400C45971 /* RatesDataUpdater.swift */ = {isa = PBXFileReference; fileEncoding = 4; lastKnownFileType = sourcecode.swift; path = RatesDataUpdater.swift; sourceTree = "<group>"; };
		750AE8E02614992400C45971 /* WalletsService.swift */ = {isa = PBXFileReference; fileEncoding = 4; lastKnownFileType = sourcecode.swift; path = WalletsService.swift; sourceTree = "<group>"; };
		750AE8E12614992400C45971 /* KeychainStorage.swift */ = {isa = PBXFileReference; fileEncoding = 4; lastKnownFileType = sourcecode.swift; path = KeychainStorage.swift; sourceTree = "<group>"; };
		750AE8E22614992400C45971 /* MarketDataRepository.swift */ = {isa = PBXFileReference; fileEncoding = 4; lastKnownFileType = sourcecode.swift; path = MarketDataRepository.swift; sourceTree = "<group>"; };
		750AE90326149A8B00C45971 /* Coin.swift */ = {isa = PBXFileReference; fileEncoding = 4; lastKnownFileType = sourcecode.swift; path = Coin.swift; sourceTree = "<group>"; };
		750AE90426149A8B00C45971 /* CoinMarketData.swift */ = {isa = PBXFileReference; fileEncoding = 4; lastKnownFileType = sourcecode.swift; path = CoinMarketData.swift; sourceTree = "<group>"; };
		750AE90526149A8B00C45971 /* MarketSnapshot.swift */ = {isa = PBXFileReference; fileEncoding = 4; lastKnownFileType = sourcecode.swift; path = MarketSnapshot.swift; sourceTree = "<group>"; };
		750AE90626149A8B00C45971 /* MarketPrice.swift */ = {isa = PBXFileReference; fileEncoding = 4; lastKnownFileType = sourcecode.swift; path = MarketPrice.swift; sourceTree = "<group>"; };
		750AE90726149A8B00C45971 /* CoinAdapter.swift */ = {isa = PBXFileReference; fileEncoding = 4; lastKnownFileType = sourcecode.swift; path = CoinAdapter.swift; sourceTree = "<group>"; };
		750AE90826149A8C00C45971 /* Asset.swift */ = {isa = PBXFileReference; fileEncoding = 4; lastKnownFileType = sourcecode.swift; path = Asset.swift; sourceTree = "<group>"; };
		750AE99B26149DD900C45971 /* IMarketDataMockable.swift */ = {isa = PBXFileReference; fileEncoding = 4; lastKnownFileType = sourcecode.swift; path = IMarketDataMockable.swift; sourceTree = "<group>"; };
		750AE99C26149DD900C45971 /* IWalletsService.swift */ = {isa = PBXFileReference; fileEncoding = 4; lastKnownFileType = sourcecode.swift; path = IWalletsService.swift; sourceTree = "<group>"; };
		750AE99D26149DD900C45971 /* ICoinKit.swift */ = {isa = PBXFileReference; fileEncoding = 4; lastKnownFileType = sourcecode.swift; path = ICoinKit.swift; sourceTree = "<group>"; };
		750AE99E26149DD900C45971 /* IHistoricalData.swift */ = {isa = PBXFileReference; fileEncoding = 4; lastKnownFileType = sourcecode.swift; path = IHistoricalData.swift; sourceTree = "<group>"; };
		750AE99F26149DD900C45971 /* IKeyChainStorage.swift */ = {isa = PBXFileReference; fileEncoding = 4; lastKnownFileType = sourcecode.swift; path = IKeyChainStorage.swift; sourceTree = "<group>"; };
		750AE9A026149DD900C45971 /* IMarketCHangeProvider.swift */ = {isa = PBXFileReference; fileEncoding = 4; lastKnownFileType = sourcecode.swift; path = IMarketCHangeProvider.swift; sourceTree = "<group>"; };
		750AE9A126149DD900C45971 /* IPricesData.swift */ = {isa = PBXFileReference; fileEncoding = 4; lastKnownFileType = sourcecode.swift; path = IPricesData.swift; sourceTree = "<group>"; };
		750AE9A226149DD900C45971 /* IBalanceProvider.swift */ = {isa = PBXFileReference; fileEncoding = 4; lastKnownFileType = sourcecode.swift; path = IBalanceProvider.swift; sourceTree = "<group>"; };
		750AE9A326149DD900C45971 /* IAsset.swift */ = {isa = PBXFileReference; fileEncoding = 4; lastKnownFileType = sourcecode.swift; path = IAsset.swift; sourceTree = "<group>"; };
		750AE9A426149DD900C45971 /* IWallet.swift */ = {isa = PBXFileReference; fileEncoding = 4; lastKnownFileType = sourcecode.swift; path = IWallet.swift; sourceTree = "<group>"; };
		750AE9A526149DD900C45971 /* IMarketData.swift */ = {isa = PBXFileReference; fileEncoding = 4; lastKnownFileType = sourcecode.swift; path = IMarketData.swift; sourceTree = "<group>"; };
		750AE9A626149DD900C45971 /* IPieChartModel.swift */ = {isa = PBXFileReference; fileEncoding = 4; lastKnownFileType = sourcecode.swift; path = IPieChartModel.swift; sourceTree = "<group>"; };
		750AE9A726149DD900C45971 /* IQRCodeProvider.swift */ = {isa = PBXFileReference; fileEncoding = 4; lastKnownFileType = sourcecode.swift; path = IQRCodeProvider.swift; sourceTree = "<group>"; };
		750AE9A826149DD900C45971 /* IChartDataProvider.swift */ = {isa = PBXFileReference; fileEncoding = 4; lastKnownFileType = sourcecode.swift; path = IChartDataProvider.swift; sourceTree = "<group>"; };
		755782C526087903000E1686 /* Shared.xcdatamodel */ = {isa = PBXFileReference; lastKnownFileType = wrapper.xcdatamodel; path = Shared.xcdatamodel; sourceTree = "<group>"; };
		755782C626087903000E1686 /* PortalApp.swift */ = {isa = PBXFileReference; lastKnownFileType = sourcecode.swift; path = PortalApp.swift; sourceTree = "<group>"; };
		755782C726087903000E1686 /* RootView.swift */ = {isa = PBXFileReference; lastKnownFileType = sourcecode.swift; path = RootView.swift; sourceTree = "<group>"; };
		755782C826087903000E1686 /* Persistence.swift */ = {isa = PBXFileReference; lastKnownFileType = sourcecode.swift; path = Persistence.swift; sourceTree = "<group>"; };
		755782C926087904000E1686 /* Assets.xcassets */ = {isa = PBXFileReference; lastKnownFileType = folder.assetcatalog; path = Assets.xcassets; sourceTree = "<group>"; };
		755782CE26087904000E1686 /* Portal.app */ = {isa = PBXFileReference; explicitFileType = wrapper.application; includeInIndex = 0; path = Portal.app; sourceTree = BUILT_PRODUCTS_DIR; };
		755782D126087904000E1686 /* Info.plist */ = {isa = PBXFileReference; lastKnownFileType = text.plist.xml; path = Info.plist; sourceTree = "<group>"; };
		755782D626087904000E1686 /* Portal.app */ = {isa = PBXFileReference; explicitFileType = wrapper.application; includeInIndex = 0; path = Portal.app; sourceTree = BUILT_PRODUCTS_DIR; };
		755782D826087904000E1686 /* Info.plist */ = {isa = PBXFileReference; lastKnownFileType = text.plist.xml; path = Info.plist; sourceTree = "<group>"; };
		755782D926087904000E1686 /* macOS.entitlements */ = {isa = PBXFileReference; lastKnownFileType = text.plist.entitlements; path = macOS.entitlements; sourceTree = "<group>"; };
		755782DE26087904000E1686 /* Tests iOS.xctest */ = {isa = PBXFileReference; explicitFileType = wrapper.cfbundle; includeInIndex = 0; path = "Tests iOS.xctest"; sourceTree = BUILT_PRODUCTS_DIR; };
		755782E226087904000E1686 /* Tests_iOS.swift */ = {isa = PBXFileReference; lastKnownFileType = sourcecode.swift; path = Tests_iOS.swift; sourceTree = "<group>"; };
		755782E426087905000E1686 /* Info.plist */ = {isa = PBXFileReference; lastKnownFileType = text.plist.xml; path = Info.plist; sourceTree = "<group>"; };
		755782E926087905000E1686 /* Tests macOS.xctest */ = {isa = PBXFileReference; explicitFileType = wrapper.cfbundle; includeInIndex = 0; path = "Tests macOS.xctest"; sourceTree = BUILT_PRODUCTS_DIR; };
		755782ED26087905000E1686 /* Tests_macOS.swift */ = {isa = PBXFileReference; lastKnownFileType = sourcecode.swift; path = Tests_macOS.swift; sourceTree = "<group>"; };
		755782EF26087905000E1686 /* Info.plist */ = {isa = PBXFileReference; lastKnownFileType = text.plist.xml; path = Info.plist; sourceTree = "<group>"; };
		7557859D260F720D000E1686 /* DBWallet+CoreDataProperties.swift */ = {isa = PBXFileReference; fileEncoding = 4; lastKnownFileType = sourcecode.swift; path = "DBWallet+CoreDataProperties.swift"; sourceTree = "<group>"; };
		7557859E260F720D000E1686 /* DBWallet+CoreDataClass.swift */ = {isa = PBXFileReference; fileEncoding = 4; lastKnownFileType = sourcecode.swift; path = "DBWallet+CoreDataClass.swift"; sourceTree = "<group>"; };
		755785A8260F7331000E1686 /* NewWalletModel.swift */ = {isa = PBXFileReference; fileEncoding = 4; lastKnownFileType = sourcecode.swift; path = NewWalletModel.swift; sourceTree = "<group>"; };
		755785AF260F7363000E1686 /* Enums.swift */ = {isa = PBXFileReference; fileEncoding = 4; lastKnownFileType = sourcecode.swift; path = Enums.swift; sourceTree = "<group>"; };
		755785B6260F73A2000E1686 /* FiatCurrency.swift */ = {isa = PBXFileReference; fileEncoding = 4; lastKnownFileType = sourcecode.swift; path = FiatCurrency.swift; sourceTree = "<group>"; };
/* End PBXFileReference section */

/* Begin PBXFrameworksBuildPhase section */
		755782CB26087904000E1686 /* Frameworks */ = {
			isa = PBXFrameworksBuildPhase;
			buildActionMask = 2147483647;
			files = (
			);
			runOnlyForDeploymentPostprocessing = 0;
		};
		755782D326087904000E1686 /* Frameworks */ = {
			isa = PBXFrameworksBuildPhase;
			buildActionMask = 2147483647;
			files = (
			);
			runOnlyForDeploymentPostprocessing = 0;
		};
		755782DB26087904000E1686 /* Frameworks */ = {
			isa = PBXFrameworksBuildPhase;
			buildActionMask = 2147483647;
			files = (
			);
			runOnlyForDeploymentPostprocessing = 0;
		};
		755782E626087905000E1686 /* Frameworks */ = {
			isa = PBXFrameworksBuildPhase;
			buildActionMask = 2147483647;
			files = (
			);
			runOnlyForDeploymentPostprocessing = 0;
		};
/* End PBXFrameworksBuildPhase section */

/* Begin PBXGroup section */
		750AE8D3261476D800C45971 /* Helpers */ = {
			isa = PBXGroup;
			children = (
				750AE8CC261476BC00C45971 /* LandscapePreviewHelper.swift */,
			);
			path = Helpers;
			sourceTree = "<group>";
		};
		750AE8DC2614990500C45971 /* Services */ = {
			isa = PBXGroup;
			children = (
				750AE8E12614992400C45971 /* KeychainStorage.swift */,
				750AE8E22614992400C45971 /* MarketDataRepository.swift */,
				750AE8DE2614992400C45971 /* MarketDataUpdater.swift */,
				750AE8DD2614992400C45971 /* PricesDataUpdater.swift */,
				750AE8DF2614992400C45971 /* RatesDataUpdater.swift */,
				750AE8E02614992400C45971 /* WalletsService.swift */,
			);
			path = Services;
			sourceTree = "<group>";
		};
		750AE99A26149D7B00C45971 /* Protocols */ = {
			isa = PBXGroup;
			children = (
				750AE9A326149DD900C45971 /* IAsset.swift */,
				750AE9A226149DD900C45971 /* IBalanceProvider.swift */,
				750AE9A826149DD900C45971 /* IChartDataProvider.swift */,
				750AE99D26149DD900C45971 /* ICoinKit.swift */,
				750AE99E26149DD900C45971 /* IHistoricalData.swift */,
				750AE99F26149DD900C45971 /* IKeyChainStorage.swift */,
				750AE9A026149DD900C45971 /* IMarketCHangeProvider.swift */,
				750AE9A526149DD900C45971 /* IMarketData.swift */,
				750AE99B26149DD900C45971 /* IMarketDataMockable.swift */,
				750AE9A626149DD900C45971 /* IPieChartModel.swift */,
				750AE9A126149DD900C45971 /* IPricesData.swift */,
				750AE9A726149DD900C45971 /* IQRCodeProvider.swift */,
				750AE9A426149DD900C45971 /* IWallet.swift */,
				750AE99C26149DD900C45971 /* IWalletsService.swift */,
			);
			path = Protocols;
			sourceTree = "<group>";
		};
		755782BE26087903000E1686 = {
			isa = PBXGroup;
			children = (
				755782C326087903000E1686 /* Shared */,
				755782D026087904000E1686 /* iOS */,
				755782D726087904000E1686 /* macOS */,
				755782E126087904000E1686 /* Tests iOS */,
				755782EC26087905000E1686 /* Tests macOS */,
				755782CF26087904000E1686 /* Products */,
			);
			sourceTree = "<group>";
		};
		755782C326087903000E1686 /* Shared */ = {
			isa = PBXGroup;
			children = (
				755782C626087903000E1686 /* PortalApp.swift */,
				750AE8DC2614990500C45971 /* Services */,
				7557857A260F6143000E1686 /* Views */,
				755785A7260F7265000E1686 /* Models */,
				750AE99A26149D7B00C45971 /* Protocols */,
				75578579260F60F7000E1686 /* DB */,
				750AE8D3261476D800C45971 /* Helpers */,
				75578578260F60EB000E1686 /* Assets */,
			);
			path = Shared;
			sourceTree = "<group>";
		};
		755782CF26087904000E1686 /* Products */ = {
			isa = PBXGroup;
			children = (
				755782CE26087904000E1686 /* Portal.app */,
				755782D626087904000E1686 /* Portal.app */,
				755782DE26087904000E1686 /* Tests iOS.xctest */,
				755782E926087905000E1686 /* Tests macOS.xctest */,
			);
			name = Products;
			sourceTree = "<group>";
		};
		755782D026087904000E1686 /* iOS */ = {
			isa = PBXGroup;
			children = (
				755782D126087904000E1686 /* Info.plist */,
			);
			path = iOS;
			sourceTree = "<group>";
		};
		755782D726087904000E1686 /* macOS */ = {
			isa = PBXGroup;
			children = (
				755782D826087904000E1686 /* Info.plist */,
				755782D926087904000E1686 /* macOS.entitlements */,
			);
			path = macOS;
			sourceTree = "<group>";
		};
		755782E126087904000E1686 /* Tests iOS */ = {
			isa = PBXGroup;
			children = (
				755782E226087904000E1686 /* Tests_iOS.swift */,
				755782E426087905000E1686 /* Info.plist */,
			);
			path = "Tests iOS";
			sourceTree = "<group>";
		};
		755782EC26087905000E1686 /* Tests macOS */ = {
			isa = PBXGroup;
			children = (
				755782ED26087905000E1686 /* Tests_macOS.swift */,
				755782EF26087905000E1686 /* Info.plist */,
			);
			path = "Tests macOS";
			sourceTree = "<group>";
		};
		75578578260F60EB000E1686 /* Assets */ = {
			isa = PBXGroup;
			children = (
				755782C926087904000E1686 /* Assets.xcassets */,
			);
			path = Assets;
			sourceTree = "<group>";
		};
		75578579260F60F7000E1686 /* DB */ = {
			isa = PBXGroup;
			children = (
				7557858E260F719C000E1686 /* CoreData Objects */,
				755782C826087903000E1686 /* Persistence.swift */,
				755782C426087903000E1686 /* Portal.xcdatamodeld */,
			);
			path = DB;
			sourceTree = "<group>";
		};
		7557857A260F6143000E1686 /* Views */ = {
			isa = PBXGroup;
			children = (
				755782C726087903000E1686 /* RootView.swift */,
			);
			path = Views;
			sourceTree = "<group>";
		};
		7557858E260F719C000E1686 /* CoreData Objects */ = {
			isa = PBXGroup;
			children = (
				7557859E260F720D000E1686 /* DBWallet+CoreDataClass.swift */,
				7557859D260F720D000E1686 /* DBWallet+CoreDataProperties.swift */,
			);
			path = "CoreData Objects";
			sourceTree = "<group>";
		};
		755785A7260F7265000E1686 /* Models */ = {
			isa = PBXGroup;
			children = (
				750AE90826149A8C00C45971 /* Asset.swift */,
				750AE90326149A8B00C45971 /* Coin.swift */,
				750AE90726149A8B00C45971 /* CoinAdapter.swift */,
				750AE90426149A8B00C45971 /* CoinMarketData.swift */,
				750AE90626149A8B00C45971 /* MarketPrice.swift */,
				750AE90526149A8B00C45971 /* MarketSnapshot.swift */,
				755785AF260F7363000E1686 /* Enums.swift */,
				755785B6260F73A2000E1686 /* FiatCurrency.swift */,
				755785A8260F7331000E1686 /* NewWalletModel.swift */,
			);
			path = Models;
			sourceTree = "<group>";
		};
/* End PBXGroup section */

/* Begin PBXNativeTarget section */
		755782CD26087904000E1686 /* Portal (iOS) */ = {
			isa = PBXNativeTarget;
			buildConfigurationList = 755782FC26087905000E1686 /* Build configuration list for PBXNativeTarget "Portal (iOS)" */;
			buildPhases = (
				755782CA26087904000E1686 /* Sources */,
				755782CB26087904000E1686 /* Frameworks */,
				755782CC26087904000E1686 /* Resources */,
			);
			buildRules = (
			);
			dependencies = (
			);
			name = "Portal (iOS)";
			productName = "Portal (iOS)";
			productReference = 755782CE26087904000E1686 /* Portal.app */;
			productType = "com.apple.product-type.application";
		};
		755782D526087904000E1686 /* Portal (macOS) */ = {
			isa = PBXNativeTarget;
			buildConfigurationList = 755782FF26087905000E1686 /* Build configuration list for PBXNativeTarget "Portal (macOS)" */;
			buildPhases = (
				755782D226087904000E1686 /* Sources */,
				755782D326087904000E1686 /* Frameworks */,
				755782D426087904000E1686 /* Resources */,
			);
			buildRules = (
			);
			dependencies = (
			);
			name = "Portal (macOS)";
			productName = "Portal (macOS)";
			productReference = 755782D626087904000E1686 /* Portal.app */;
			productType = "com.apple.product-type.application";
		};
		755782DD26087904000E1686 /* Tests iOS */ = {
			isa = PBXNativeTarget;
			buildConfigurationList = 7557830226087905000E1686 /* Build configuration list for PBXNativeTarget "Tests iOS" */;
			buildPhases = (
				755782DA26087904000E1686 /* Sources */,
				755782DB26087904000E1686 /* Frameworks */,
				755782DC26087904000E1686 /* Resources */,
			);
			buildRules = (
			);
			dependencies = (
				755782E026087904000E1686 /* PBXTargetDependency */,
			);
			name = "Tests iOS";
			productName = "Tests iOS";
			productReference = 755782DE26087904000E1686 /* Tests iOS.xctest */;
			productType = "com.apple.product-type.bundle.ui-testing";
		};
		755782E826087905000E1686 /* Tests macOS */ = {
			isa = PBXNativeTarget;
			buildConfigurationList = 7557830526087905000E1686 /* Build configuration list for PBXNativeTarget "Tests macOS" */;
			buildPhases = (
				755782E526087905000E1686 /* Sources */,
				755782E626087905000E1686 /* Frameworks */,
				755782E726087905000E1686 /* Resources */,
			);
			buildRules = (
			);
			dependencies = (
				755782EB26087905000E1686 /* PBXTargetDependency */,
			);
			name = "Tests macOS";
			productName = "Tests macOS";
			productReference = 755782E926087905000E1686 /* Tests macOS.xctest */;
			productType = "com.apple.product-type.bundle.ui-testing";
		};
/* End PBXNativeTarget section */

/* Begin PBXProject section */
		755782BF26087903000E1686 /* Project object */ = {
			isa = PBXProject;
			attributes = {
				LastSwiftUpdateCheck = 1240;
				LastUpgradeCheck = 1240;
				TargetAttributes = {
					755782CD26087904000E1686 = {
						CreatedOnToolsVersion = 12.4;
					};
					755782D526087904000E1686 = {
						CreatedOnToolsVersion = 12.4;
					};
					755782DD26087904000E1686 = {
						CreatedOnToolsVersion = 12.4;
						TestTargetID = 755782CD26087904000E1686;
					};
					755782E826087905000E1686 = {
						CreatedOnToolsVersion = 12.4;
						TestTargetID = 755782D526087904000E1686;
					};
				};
			};
			buildConfigurationList = 755782C226087903000E1686 /* Build configuration list for PBXProject "Portal" */;
			compatibilityVersion = "Xcode 9.3";
			developmentRegion = en;
			hasScannedForEncodings = 0;
			knownRegions = (
				en,
				Base,
			);
			mainGroup = 755782BE26087903000E1686;
			productRefGroup = 755782CF26087904000E1686 /* Products */;
			projectDirPath = "";
			projectRoot = "";
			targets = (
				755782CD26087904000E1686 /* Portal (iOS) */,
				755782D526087904000E1686 /* Portal (macOS) */,
				755782DD26087904000E1686 /* Tests iOS */,
				755782E826087905000E1686 /* Tests macOS */,
			);
		};
/* End PBXProject section */

/* Begin PBXResourcesBuildPhase section */
		755782CC26087904000E1686 /* Resources */ = {
			isa = PBXResourcesBuildPhase;
			buildActionMask = 2147483647;
			files = (
				755782F826087905000E1686 /* Assets.xcassets in Resources */,
			);
			runOnlyForDeploymentPostprocessing = 0;
		};
		755782D426087904000E1686 /* Resources */ = {
			isa = PBXResourcesBuildPhase;
			buildActionMask = 2147483647;
			files = (
				755782F926087905000E1686 /* Assets.xcassets in Resources */,
			);
			runOnlyForDeploymentPostprocessing = 0;
		};
		755782DC26087904000E1686 /* Resources */ = {
			isa = PBXResourcesBuildPhase;
			buildActionMask = 2147483647;
			files = (
			);
			runOnlyForDeploymentPostprocessing = 0;
		};
		755782E726087905000E1686 /* Resources */ = {
			isa = PBXResourcesBuildPhase;
			buildActionMask = 2147483647;
			files = (
			);
			runOnlyForDeploymentPostprocessing = 0;
		};
/* End PBXResourcesBuildPhase section */

/* Begin PBXSourcesBuildPhase section */
		755782CA26087904000E1686 /* Sources */ = {
			isa = PBXSourcesBuildPhase;
			buildActionMask = 2147483647;
			files = (
				750AE9D126149DD900C45971 /* IMarketData.swift in Sources */,
				755785A1260F720D000E1686 /* DBWallet+CoreDataClass.swift in Sources */,
				755782F026087905000E1686 /* Portal.xcdatamodeld in Sources */,
				750AE90D26149A8C00C45971 /* CoinMarketData.swift in Sources */,
				750AE8F32614992400C45971 /* KeychainStorage.swift in Sources */,
				750AE8F72614992400C45971 /* MarketDataRepository.swift in Sources */,
				750AE9C926149DD900C45971 /* IAsset.swift in Sources */,
				750AE9DD26149DD900C45971 /* IChartDataProvider.swift in Sources */,
				750AE8CD261476BC00C45971 /* LandscapePreviewHelper.swift in Sources */,
				7557859F260F720D000E1686 /* DBWallet+CoreDataProperties.swift in Sources */,
				755782F626087905000E1686 /* Persistence.swift in Sources */,
				750AE9BD26149DD900C45971 /* IMarketCHangeProvider.swift in Sources */,
				750AE8E72614992400C45971 /* MarketDataUpdater.swift in Sources */,
				750AE9B926149DD900C45971 /* IKeyChainStorage.swift in Sources */,
				750AE9A926149DD900C45971 /* IMarketDataMockable.swift in Sources */,
				750AE91926149A8C00C45971 /* CoinAdapter.swift in Sources */,
				755785B7260F73A2000E1686 /* FiatCurrency.swift in Sources */,
				750AE9C126149DD900C45971 /* IPricesData.swift in Sources */,
				750AE9C526149DD900C45971 /* IBalanceProvider.swift in Sources */,
				750AE8E32614992400C45971 /* PricesDataUpdater.swift in Sources */,
				750AE9B526149DD900C45971 /* IHistoricalData.swift in Sources */,
				750AE9D926149DD900C45971 /* IQRCodeProvider.swift in Sources */,
				750AE91526149A8C00C45971 /* MarketPrice.swift in Sources */,
				750AE9D526149DD900C45971 /* IPieChartModel.swift in Sources */,
				750AE91126149A8C00C45971 /* MarketSnapshot.swift in Sources */,
				750AE91D26149A8C00C45971 /* Asset.swift in Sources */,
				755785A9260F7331000E1686 /* NewWalletModel.swift in Sources */,
				750AE9AD26149DD900C45971 /* IWalletsService.swift in Sources */,
				755782F226087905000E1686 /* PortalApp.swift in Sources */,
				755785B0260F7363000E1686 /* Enums.swift in Sources */,
				750AE9CD26149DD900C45971 /* IWallet.swift in Sources */,
				755782F426087905000E1686 /* RootView.swift in Sources */,
				750AE8EB2614992400C45971 /* RatesDataUpdater.swift in Sources */,
				750AE8EF2614992400C45971 /* WalletsService.swift in Sources */,
				750AE90926149A8C00C45971 /* Coin.swift in Sources */,
				750AE9B126149DD900C45971 /* ICoinKit.swift in Sources */,
			);
			runOnlyForDeploymentPostprocessing = 0;
		};
		755782D226087904000E1686 /* Sources */ = {
			isa = PBXSourcesBuildPhase;
			buildActionMask = 2147483647;
			files = (
				750AE9D226149DD900C45971 /* IMarketData.swift in Sources */,
				755785A2260F720D000E1686 /* DBWallet+CoreDataClass.swift in Sources */,
				755782F126087905000E1686 /* Portal.xcdatamodeld in Sources */,
				750AE90E26149A8C00C45971 /* CoinMarketData.swift in Sources */,
				750AE8F42614992400C45971 /* KeychainStorage.swift in Sources */,
				750AE8F82614992400C45971 /* MarketDataRepository.swift in Sources */,
				750AE9CA26149DD900C45971 /* IAsset.swift in Sources */,
				750AE9DE26149DD900C45971 /* IChartDataProvider.swift in Sources */,
				750AE8CE261476BC00C45971 /* LandscapePreviewHelper.swift in Sources */,
				755785A0260F720D000E1686 /* DBWallet+CoreDataProperties.swift in Sources */,
				755782F726087905000E1686 /* Persistence.swift in Sources */,
				750AE9BE26149DD900C45971 /* IMarketCHangeProvider.swift in Sources */,
				750AE8E82614992400C45971 /* MarketDataUpdater.swift in Sources */,
				750AE9BA26149DD900C45971 /* IKeyChainStorage.swift in Sources */,
				750AE9AA26149DD900C45971 /* IMarketDataMockable.swift in Sources */,
				750AE91A26149A8C00C45971 /* CoinAdapter.swift in Sources */,
				755785B8260F73A2000E1686 /* FiatCurrency.swift in Sources */,
				750AE9C226149DD900C45971 /* IPricesData.swift in Sources */,
				750AE9C626149DD900C45971 /* IBalanceProvider.swift in Sources */,
				750AE8E42614992400C45971 /* PricesDataUpdater.swift in Sources */,
				750AE9B626149DD900C45971 /* IHistoricalData.swift in Sources */,
				750AE9DA26149DD900C45971 /* IQRCodeProvider.swift in Sources */,
				750AE91626149A8C00C45971 /* MarketPrice.swift in Sources */,
				750AE9D626149DD900C45971 /* IPieChartModel.swift in Sources */,
				750AE91226149A8C00C45971 /* MarketSnapshot.swift in Sources */,
				750AE91E26149A8C00C45971 /* Asset.swift in Sources */,
				755785AA260F7331000E1686 /* NewWalletModel.swift in Sources */,
				750AE9AE26149DD900C45971 /* IWalletsService.swift in Sources */,
				755782F326087905000E1686 /* PortalApp.swift in Sources */,
				755785B1260F7363000E1686 /* Enums.swift in Sources */,
				750AE9CE26149DD900C45971 /* IWallet.swift in Sources */,
				755782F526087905000E1686 /* RootView.swift in Sources */,
				750AE8EC2614992400C45971 /* RatesDataUpdater.swift in Sources */,
				750AE8F02614992400C45971 /* WalletsService.swift in Sources */,
				750AE90A26149A8C00C45971 /* Coin.swift in Sources */,
				750AE9B226149DD900C45971 /* ICoinKit.swift in Sources */,
			);
			runOnlyForDeploymentPostprocessing = 0;
		};
		755782DA26087904000E1686 /* Sources */ = {
			isa = PBXSourcesBuildPhase;
			buildActionMask = 2147483647;
			files = (
				755782E326087904000E1686 /* Tests_iOS.swift in Sources */,
				750AE91F26149A8C00C45971 /* Asset.swift in Sources */,
				750AE9AF26149DD900C45971 /* IWalletsService.swift in Sources */,
				750AE9D326149DD900C45971 /* IMarketData.swift in Sources */,
				750AE9B326149DD900C45971 /* ICoinKit.swift in Sources */,
				750AE91326149A8C00C45971 /* MarketSnapshot.swift in Sources */,
				750AE9CF26149DD900C45971 /* IWallet.swift in Sources */,
				750AE8E52614992400C45971 /* PricesDataUpdater.swift in Sources */,
				750AE9B726149DD900C45971 /* IHistoricalData.swift in Sources */,
				750AE90F26149A8C00C45971 /* CoinMarketData.swift in Sources */,
				750AE9DB26149DD900C45971 /* IQRCodeProvider.swift in Sources */,
				750AE9AB26149DD900C45971 /* IMarketDataMockable.swift in Sources */,
				750AE9C326149DD900C45971 /* IPricesData.swift in Sources */,
				750AE9BB26149DD900C45971 /* IKeyChainStorage.swift in Sources */,
				750AE8E92614992400C45971 /* MarketDataUpdater.swift in Sources */,
				750AE8F92614992400C45971 /* MarketDataRepository.swift in Sources */,
				750AE9DF26149DD900C45971 /* IChartDataProvider.swift in Sources */,
				750AE91B26149A8C00C45971 /* CoinAdapter.swift in Sources */,
				750AE9CB26149DD900C45971 /* IAsset.swift in Sources */,
				750AE8ED2614992400C45971 /* RatesDataUpdater.swift in Sources */,
				750AE91726149A8C00C45971 /* MarketPrice.swift in Sources */,
				750AE8F12614992400C45971 /* WalletsService.swift in Sources */,
				750AE90B26149A8C00C45971 /* Coin.swift in Sources */,
				750AE9D726149DD900C45971 /* IPieChartModel.swift in Sources */,
				750AE9C726149DD900C45971 /* IBalanceProvider.swift in Sources */,
				750AE9BF26149DD900C45971 /* IMarketCHangeProvider.swift in Sources */,
				750AE8F52614992400C45971 /* KeychainStorage.swift in Sources */,
			);
			runOnlyForDeploymentPostprocessing = 0;
		};
		755782E526087905000E1686 /* Sources */ = {
			isa = PBXSourcesBuildPhase;
			buildActionMask = 2147483647;
			files = (
				755782EE26087905000E1686 /* Tests_macOS.swift in Sources */,
				750AE92026149A8C00C45971 /* Asset.swift in Sources */,
				750AE9B026149DD900C45971 /* IWalletsService.swift in Sources */,
				750AE9D426149DD900C45971 /* IMarketData.swift in Sources */,
				750AE9B426149DD900C45971 /* ICoinKit.swift in Sources */,
				750AE91426149A8C00C45971 /* MarketSnapshot.swift in Sources */,
				750AE9D026149DD900C45971 /* IWallet.swift in Sources */,
				750AE8E62614992400C45971 /* PricesDataUpdater.swift in Sources */,
				750AE9B826149DD900C45971 /* IHistoricalData.swift in Sources */,
				750AE91026149A8C00C45971 /* CoinMarketData.swift in Sources */,
				750AE9DC26149DD900C45971 /* IQRCodeProvider.swift in Sources */,
				750AE9AC26149DD900C45971 /* IMarketDataMockable.swift in Sources */,
				750AE9C426149DD900C45971 /* IPricesData.swift in Sources */,
				750AE9BC26149DD900C45971 /* IKeyChainStorage.swift in Sources */,
				750AE8EA2614992400C45971 /* MarketDataUpdater.swift in Sources */,
				750AE8FA2614992400C45971 /* MarketDataRepository.swift in Sources */,
				750AE9E026149DD900C45971 /* IChartDataProvider.swift in Sources */,
				750AE91C26149A8C00C45971 /* CoinAdapter.swift in Sources */,
				750AE9CC26149DD900C45971 /* IAsset.swift in Sources */,
				750AE8EE2614992400C45971 /* RatesDataUpdater.swift in Sources */,
				750AE91826149A8C00C45971 /* MarketPrice.swift in Sources */,
				750AE8F22614992400C45971 /* WalletsService.swift in Sources */,
				750AE90C26149A8C00C45971 /* Coin.swift in Sources */,
				750AE9D826149DD900C45971 /* IPieChartModel.swift in Sources */,
				750AE9C826149DD900C45971 /* IBalanceProvider.swift in Sources */,
				750AE9C026149DD900C45971 /* IMarketCHangeProvider.swift in Sources */,
				750AE8F62614992400C45971 /* KeychainStorage.swift in Sources */,
			);
			runOnlyForDeploymentPostprocessing = 0;
		};
/* End PBXSourcesBuildPhase section */

/* Begin PBXTargetDependency section */
		755782E026087904000E1686 /* PBXTargetDependency */ = {
			isa = PBXTargetDependency;
			target = 755782CD26087904000E1686 /* Portal (iOS) */;
			targetProxy = 755782DF26087904000E1686 /* PBXContainerItemProxy */;
		};
		755782EB26087905000E1686 /* PBXTargetDependency */ = {
			isa = PBXTargetDependency;
			target = 755782D526087904000E1686 /* Portal (macOS) */;
			targetProxy = 755782EA26087905000E1686 /* PBXContainerItemProxy */;
		};
/* End PBXTargetDependency section */

/* Begin XCBuildConfiguration section */
		755782FA26087905000E1686 /* Debug */ = {
			isa = XCBuildConfiguration;
			buildSettings = {
				ALWAYS_SEARCH_USER_PATHS = NO;
				CLANG_ANALYZER_NONNULL = YES;
				CLANG_ANALYZER_NUMBER_OBJECT_CONVERSION = YES_AGGRESSIVE;
				CLANG_CXX_LANGUAGE_STANDARD = "gnu++14";
				CLANG_CXX_LIBRARY = "libc++";
				CLANG_ENABLE_MODULES = YES;
				CLANG_ENABLE_OBJC_ARC = YES;
				CLANG_ENABLE_OBJC_WEAK = YES;
				CLANG_WARN_BLOCK_CAPTURE_AUTORELEASING = YES;
				CLANG_WARN_BOOL_CONVERSION = YES;
				CLANG_WARN_COMMA = YES;
				CLANG_WARN_CONSTANT_CONVERSION = YES;
				CLANG_WARN_DEPRECATED_OBJC_IMPLEMENTATIONS = YES;
				CLANG_WARN_DIRECT_OBJC_ISA_USAGE = YES_ERROR;
				CLANG_WARN_DOCUMENTATION_COMMENTS = YES;
				CLANG_WARN_EMPTY_BODY = YES;
				CLANG_WARN_ENUM_CONVERSION = YES;
				CLANG_WARN_INFINITE_RECURSION = YES;
				CLANG_WARN_INT_CONVERSION = YES;
				CLANG_WARN_NON_LITERAL_NULL_CONVERSION = YES;
				CLANG_WARN_OBJC_IMPLICIT_RETAIN_SELF = YES;
				CLANG_WARN_OBJC_LITERAL_CONVERSION = YES;
				CLANG_WARN_OBJC_ROOT_CLASS = YES_ERROR;
				CLANG_WARN_QUOTED_INCLUDE_IN_FRAMEWORK_HEADER = YES;
				CLANG_WARN_RANGE_LOOP_ANALYSIS = YES;
				CLANG_WARN_STRICT_PROTOTYPES = YES;
				CLANG_WARN_SUSPICIOUS_MOVE = YES;
				CLANG_WARN_UNGUARDED_AVAILABILITY = YES_AGGRESSIVE;
				CLANG_WARN_UNREACHABLE_CODE = YES;
				CLANG_WARN__DUPLICATE_METHOD_MATCH = YES;
				COPY_PHASE_STRIP = NO;
				DEBUG_INFORMATION_FORMAT = dwarf;
				ENABLE_STRICT_OBJC_MSGSEND = YES;
				ENABLE_TESTABILITY = YES;
				GCC_C_LANGUAGE_STANDARD = gnu11;
				GCC_DYNAMIC_NO_PIC = NO;
				GCC_NO_COMMON_BLOCKS = YES;
				GCC_OPTIMIZATION_LEVEL = 0;
				GCC_PREPROCESSOR_DEFINITIONS = (
					"DEBUG=1",
					"$(inherited)",
				);
				GCC_WARN_64_TO_32_BIT_CONVERSION = YES;
				GCC_WARN_ABOUT_RETURN_TYPE = YES_ERROR;
				GCC_WARN_UNDECLARED_SELECTOR = YES;
				GCC_WARN_UNINITIALIZED_AUTOS = YES_AGGRESSIVE;
				GCC_WARN_UNUSED_FUNCTION = YES;
				GCC_WARN_UNUSED_VARIABLE = YES;
				MTL_ENABLE_DEBUG_INFO = INCLUDE_SOURCE;
				MTL_FAST_MATH = YES;
				ONLY_ACTIVE_ARCH = YES;
				SWIFT_ACTIVE_COMPILATION_CONDITIONS = DEBUG;
				SWIFT_OPTIMIZATION_LEVEL = "-Onone";
			};
			name = Debug;
		};
		755782FB26087905000E1686 /* Release */ = {
			isa = XCBuildConfiguration;
			buildSettings = {
				ALWAYS_SEARCH_USER_PATHS = NO;
				CLANG_ANALYZER_NONNULL = YES;
				CLANG_ANALYZER_NUMBER_OBJECT_CONVERSION = YES_AGGRESSIVE;
				CLANG_CXX_LANGUAGE_STANDARD = "gnu++14";
				CLANG_CXX_LIBRARY = "libc++";
				CLANG_ENABLE_MODULES = YES;
				CLANG_ENABLE_OBJC_ARC = YES;
				CLANG_ENABLE_OBJC_WEAK = YES;
				CLANG_WARN_BLOCK_CAPTURE_AUTORELEASING = YES;
				CLANG_WARN_BOOL_CONVERSION = YES;
				CLANG_WARN_COMMA = YES;
				CLANG_WARN_CONSTANT_CONVERSION = YES;
				CLANG_WARN_DEPRECATED_OBJC_IMPLEMENTATIONS = YES;
				CLANG_WARN_DIRECT_OBJC_ISA_USAGE = YES_ERROR;
				CLANG_WARN_DOCUMENTATION_COMMENTS = YES;
				CLANG_WARN_EMPTY_BODY = YES;
				CLANG_WARN_ENUM_CONVERSION = YES;
				CLANG_WARN_INFINITE_RECURSION = YES;
				CLANG_WARN_INT_CONVERSION = YES;
				CLANG_WARN_NON_LITERAL_NULL_CONVERSION = YES;
				CLANG_WARN_OBJC_IMPLICIT_RETAIN_SELF = YES;
				CLANG_WARN_OBJC_LITERAL_CONVERSION = YES;
				CLANG_WARN_OBJC_ROOT_CLASS = YES_ERROR;
				CLANG_WARN_QUOTED_INCLUDE_IN_FRAMEWORK_HEADER = YES;
				CLANG_WARN_RANGE_LOOP_ANALYSIS = YES;
				CLANG_WARN_STRICT_PROTOTYPES = YES;
				CLANG_WARN_SUSPICIOUS_MOVE = YES;
				CLANG_WARN_UNGUARDED_AVAILABILITY = YES_AGGRESSIVE;
				CLANG_WARN_UNREACHABLE_CODE = YES;
				CLANG_WARN__DUPLICATE_METHOD_MATCH = YES;
				COPY_PHASE_STRIP = NO;
				DEBUG_INFORMATION_FORMAT = "dwarf-with-dsym";
				ENABLE_NS_ASSERTIONS = NO;
				ENABLE_STRICT_OBJC_MSGSEND = YES;
				GCC_C_LANGUAGE_STANDARD = gnu11;
				GCC_NO_COMMON_BLOCKS = YES;
				GCC_WARN_64_TO_32_BIT_CONVERSION = YES;
				GCC_WARN_ABOUT_RETURN_TYPE = YES_ERROR;
				GCC_WARN_UNDECLARED_SELECTOR = YES;
				GCC_WARN_UNINITIALIZED_AUTOS = YES_AGGRESSIVE;
				GCC_WARN_UNUSED_FUNCTION = YES;
				GCC_WARN_UNUSED_VARIABLE = YES;
				MTL_ENABLE_DEBUG_INFO = NO;
				MTL_FAST_MATH = YES;
				SWIFT_COMPILATION_MODE = wholemodule;
				SWIFT_OPTIMIZATION_LEVEL = "-O";
			};
			name = Release;
		};
		755782FD26087905000E1686 /* Debug */ = {
			isa = XCBuildConfiguration;
			buildSettings = {
				ASSETCATALOG_COMPILER_APPICON_NAME = AppIcon;
				ASSETCATALOG_COMPILER_GLOBAL_ACCENT_COLOR_NAME = AccentColor;
				CODE_SIGN_STYLE = Automatic;
				DEVELOPMENT_TEAM = HBPT8C8527;
				ENABLE_PREVIEWS = YES;
				INFOPLIST_FILE = iOS/Info.plist;
				IPHONEOS_DEPLOYMENT_TARGET = 14.0;
				LD_RUNPATH_SEARCH_PATHS = (
					"$(inherited)",
					"@executable_path/Frameworks",
				);
				PRODUCT_BUNDLE_IDENTIFIER = tides.universal.Portal;
				PRODUCT_NAME = Portal;
				SDKROOT = iphoneos;
				SWIFT_VERSION = 5.0;
				TARGETED_DEVICE_FAMILY = 2;
			};
			name = Debug;
		};
		755782FE26087905000E1686 /* Release */ = {
			isa = XCBuildConfiguration;
			buildSettings = {
				ASSETCATALOG_COMPILER_APPICON_NAME = AppIcon;
				ASSETCATALOG_COMPILER_GLOBAL_ACCENT_COLOR_NAME = AccentColor;
				CODE_SIGN_STYLE = Automatic;
				DEVELOPMENT_TEAM = HBPT8C8527;
				ENABLE_PREVIEWS = YES;
				INFOPLIST_FILE = iOS/Info.plist;
				IPHONEOS_DEPLOYMENT_TARGET = 14.0;
				LD_RUNPATH_SEARCH_PATHS = (
					"$(inherited)",
					"@executable_path/Frameworks",
				);
				PRODUCT_BUNDLE_IDENTIFIER = tides.universal.Portal;
				PRODUCT_NAME = Portal;
				SDKROOT = iphoneos;
				SWIFT_VERSION = 5.0;
				TARGETED_DEVICE_FAMILY = 2;
				VALIDATE_PRODUCT = YES;
			};
			name = Release;
		};
		7557830026087905000E1686 /* Debug */ = {
			isa = XCBuildConfiguration;
			buildSettings = {
				ASSETCATALOG_COMPILER_APPICON_NAME = AppIcon;
				ASSETCATALOG_COMPILER_GLOBAL_ACCENT_COLOR_NAME = AccentColor;
				CODE_SIGN_ENTITLEMENTS = macOS/macOS.entitlements;
				CODE_SIGN_STYLE = Automatic;
				COMBINE_HIDPI_IMAGES = YES;
				DEVELOPMENT_TEAM = HBPT8C8527;
				ENABLE_HARDENED_RUNTIME = YES;
				ENABLE_PREVIEWS = YES;
				INFOPLIST_FILE = macOS/Info.plist;
				LD_RUNPATH_SEARCH_PATHS = (
					"$(inherited)",
					"@executable_path/../Frameworks",
				);
				MACOSX_DEPLOYMENT_TARGET = 11.0;
				PRODUCT_BUNDLE_IDENTIFIER = tides.universal.Portal;
				PRODUCT_NAME = Portal;
				SDKROOT = macosx;
				SWIFT_VERSION = 5.0;
			};
			name = Debug;
		};
		7557830126087905000E1686 /* Release */ = {
			isa = XCBuildConfiguration;
			buildSettings = {
				ASSETCATALOG_COMPILER_APPICON_NAME = AppIcon;
				ASSETCATALOG_COMPILER_GLOBAL_ACCENT_COLOR_NAME = AccentColor;
				CODE_SIGN_ENTITLEMENTS = macOS/macOS.entitlements;
				CODE_SIGN_STYLE = Automatic;
				COMBINE_HIDPI_IMAGES = YES;
				DEVELOPMENT_TEAM = HBPT8C8527;
				ENABLE_HARDENED_RUNTIME = YES;
				ENABLE_PREVIEWS = YES;
				INFOPLIST_FILE = macOS/Info.plist;
				LD_RUNPATH_SEARCH_PATHS = (
					"$(inherited)",
					"@executable_path/../Frameworks",
				);
				MACOSX_DEPLOYMENT_TARGET = 11.0;
				PRODUCT_BUNDLE_IDENTIFIER = tides.universal.Portal;
				PRODUCT_NAME = Portal;
				SDKROOT = macosx;
				SWIFT_VERSION = 5.0;
			};
			name = Release;
		};
		7557830326087905000E1686 /* Debug */ = {
			isa = XCBuildConfiguration;
			buildSettings = {
				ALWAYS_EMBED_SWIFT_STANDARD_LIBRARIES = YES;
				CODE_SIGN_STYLE = Automatic;
				DEVELOPMENT_TEAM = HBPT8C8527;
				INFOPLIST_FILE = "Tests iOS/Info.plist";
				IPHONEOS_DEPLOYMENT_TARGET = 14.4;
				LD_RUNPATH_SEARCH_PATHS = (
					"$(inherited)",
					"@executable_path/Frameworks",
					"@loader_path/Frameworks",
				);
				PRODUCT_BUNDLE_IDENTIFIER = "tides.universal.Tests-iOS";
				PRODUCT_NAME = "$(TARGET_NAME)";
				SDKROOT = iphoneos;
				SWIFT_VERSION = 5.0;
				TARGETED_DEVICE_FAMILY = "1,2";
				TEST_TARGET_NAME = "Portal (iOS)";
			};
			name = Debug;
		};
		7557830426087905000E1686 /* Release */ = {
			isa = XCBuildConfiguration;
			buildSettings = {
				ALWAYS_EMBED_SWIFT_STANDARD_LIBRARIES = YES;
				CODE_SIGN_STYLE = Automatic;
				DEVELOPMENT_TEAM = HBPT8C8527;
				INFOPLIST_FILE = "Tests iOS/Info.plist";
				IPHONEOS_DEPLOYMENT_TARGET = 14.4;
				LD_RUNPATH_SEARCH_PATHS = (
					"$(inherited)",
					"@executable_path/Frameworks",
					"@loader_path/Frameworks",
				);
				PRODUCT_BUNDLE_IDENTIFIER = "tides.universal.Tests-iOS";
				PRODUCT_NAME = "$(TARGET_NAME)";
				SDKROOT = iphoneos;
				SWIFT_VERSION = 5.0;
				TARGETED_DEVICE_FAMILY = "1,2";
				TEST_TARGET_NAME = "Portal (iOS)";
				VALIDATE_PRODUCT = YES;
			};
			name = Release;
		};
		7557830626087905000E1686 /* Debug */ = {
			isa = XCBuildConfiguration;
			buildSettings = {
				ALWAYS_EMBED_SWIFT_STANDARD_LIBRARIES = YES;
				CODE_SIGN_STYLE = Automatic;
				COMBINE_HIDPI_IMAGES = YES;
				DEVELOPMENT_TEAM = HBPT8C8527;
				INFOPLIST_FILE = "Tests macOS/Info.plist";
				LD_RUNPATH_SEARCH_PATHS = (
					"$(inherited)",
					"@executable_path/../Frameworks",
					"@loader_path/../Frameworks",
				);
				MACOSX_DEPLOYMENT_TARGET = 11.0;
				PRODUCT_BUNDLE_IDENTIFIER = "tides.universal.Tests-macOS";
				PRODUCT_NAME = "$(TARGET_NAME)";
				SDKROOT = macosx;
				SWIFT_VERSION = 5.0;
				TEST_TARGET_NAME = "Portal (macOS)";
			};
			name = Debug;
		};
		7557830726087905000E1686 /* Release */ = {
			isa = XCBuildConfiguration;
			buildSettings = {
				ALWAYS_EMBED_SWIFT_STANDARD_LIBRARIES = YES;
				CODE_SIGN_STYLE = Automatic;
				COMBINE_HIDPI_IMAGES = YES;
				DEVELOPMENT_TEAM = HBPT8C8527;
				INFOPLIST_FILE = "Tests macOS/Info.plist";
				LD_RUNPATH_SEARCH_PATHS = (
					"$(inherited)",
					"@executable_path/../Frameworks",
					"@loader_path/../Frameworks",
				);
				MACOSX_DEPLOYMENT_TARGET = 11.0;
				PRODUCT_BUNDLE_IDENTIFIER = "tides.universal.Tests-macOS";
				PRODUCT_NAME = "$(TARGET_NAME)";
				SDKROOT = macosx;
				SWIFT_VERSION = 5.0;
				TEST_TARGET_NAME = "Portal (macOS)";
			};
			name = Release;
		};
/* End XCBuildConfiguration section */

/* Begin XCConfigurationList section */
		755782C226087903000E1686 /* Build configuration list for PBXProject "Portal" */ = {
			isa = XCConfigurationList;
			buildConfigurations = (
				755782FA26087905000E1686 /* Debug */,
				755782FB26087905000E1686 /* Release */,
			);
			defaultConfigurationIsVisible = 0;
			defaultConfigurationName = Release;
		};
		755782FC26087905000E1686 /* Build configuration list for PBXNativeTarget "Portal (iOS)" */ = {
			isa = XCConfigurationList;
			buildConfigurations = (
				755782FD26087905000E1686 /* Debug */,
				755782FE26087905000E1686 /* Release */,
			);
			defaultConfigurationIsVisible = 0;
			defaultConfigurationName = Release;
		};
		755782FF26087905000E1686 /* Build configuration list for PBXNativeTarget "Portal (macOS)" */ = {
			isa = XCConfigurationList;
			buildConfigurations = (
				7557830026087905000E1686 /* Debug */,
				7557830126087905000E1686 /* Release */,
			);
			defaultConfigurationIsVisible = 0;
			defaultConfigurationName = Release;
		};
		7557830226087905000E1686 /* Build configuration list for PBXNativeTarget "Tests iOS" */ = {
			isa = XCConfigurationList;
			buildConfigurations = (
				7557830326087905000E1686 /* Debug */,
				7557830426087905000E1686 /* Release */,
			);
			defaultConfigurationIsVisible = 0;
			defaultConfigurationName = Release;
		};
		7557830526087905000E1686 /* Build configuration list for PBXNativeTarget "Tests macOS" */ = {
			isa = XCConfigurationList;
			buildConfigurations = (
				7557830626087905000E1686 /* Debug */,
				7557830726087905000E1686 /* Release */,
			);
			defaultConfigurationIsVisible = 0;
			defaultConfigurationName = Release;
		};
/* End XCConfigurationList section */

/* Begin XCVersionGroup section */
		755782C426087903000E1686 /* Portal.xcdatamodeld */ = {
			isa = XCVersionGroup;
			children = (
				755782C526087903000E1686 /* Shared.xcdatamodel */,
			);
			currentVersion = 755782C526087903000E1686 /* Shared.xcdatamodel */;
			path = Portal.xcdatamodeld;
			sourceTree = "<group>";
			versionGroupType = wrapper.xcdatamodel;
		};
/* End XCVersionGroup section */
	};
	rootObject = 755782BF26087903000E1686 /* Project object */;
}
